PODS:
  - Alamofire (5.5.0)
  - AppAuth (1.4.0):
    - AppAuth/Core (= 1.4.0)
    - AppAuth/ExternalUserAgent (= 1.4.0)
  - AppAuth/Core (1.4.0)
  - AppAuth/ExternalUserAgent (1.4.0)
  - DropDown (2.3.13)
  - Firebase/CoreOnly (8.13.0):
    - FirebaseCore (= 8.13.0)
  - Firebase/Messaging (8.13.0):
    - Firebase/CoreOnly
    - FirebaseMessaging (~> 8.13.0)
  - FirebaseCore (8.13.0):
    - FirebaseCoreDiagnostics (~> 8.0)
    - GoogleUtilities/Environment (~> 7.7)
    - GoogleUtilities/Logger (~> 7.7)
  - FirebaseCoreDiagnostics (8.13.0):
    - GoogleDataTransport (~> 9.1)
    - GoogleUtilities/Environment (~> 7.7)
    - GoogleUtilities/Logger (~> 7.7)
    - nanopb (~> 2.30908.0)
  - FirebaseInstallations (8.13.0):
    - FirebaseCore (~> 8.0)
    - GoogleUtilities/Environment (~> 7.7)
    - GoogleUtilities/UserDefaults (~> 7.7)
    - PromisesObjC (< 3.0, >= 1.2)
  - FirebaseMessaging (8.13.0):
    - FirebaseCore (~> 8.0)
    - FirebaseInstallations (~> 8.0)
    - GoogleDataTransport (~> 9.1)
    - GoogleUtilities/AppDelegateSwizzler (~> 7.7)
    - GoogleUtilities/Environment (~> 7.7)
    - GoogleUtilities/Reachability (~> 7.7)
    - GoogleUtilities/UserDefaults (~> 7.7)
    - nanopb (~> 2.30908.0)
  - GoogleDataTransport (9.1.2):
    - GoogleUtilities/Environment (~> 7.2)
    - nanopb (~> 2.30908.0)
    - PromisesObjC (< 3.0, >= 1.2)
  - GoogleSignIn (6.1.0):
    - AppAuth (~> 1.4)
    - GTMAppAuth (~> 1.0)
    - GTMSessionFetcher/Core (~> 1.1)
  - GoogleUtilities/AppDelegateSwizzler (7.7.0):
    - GoogleUtilities/Environment
    - GoogleUtilities/Logger
    - GoogleUtilities/Network
  - GoogleUtilities/Environment (7.7.0):
    - PromisesObjC (< 3.0, >= 1.2)
  - GoogleUtilities/Logger (7.7.0):
    - GoogleUtilities/Environment
  - GoogleUtilities/Network (7.7.0):
    - GoogleUtilities/Logger
    - "GoogleUtilities/NSData+zlib"
    - GoogleUtilities/Reachability
  - "GoogleUtilities/NSData+zlib (7.7.0)"
  - GoogleUtilities/Reachability (7.7.0):
    - GoogleUtilities/Logger
  - GoogleUtilities/UserDefaults (7.7.0):
    - GoogleUtilities/Logger
  - GTMAppAuth (1.2.2):
    - AppAuth/Core (~> 1.4)
    - GTMSessionFetcher/Core (~> 1.5)
  - GTMSessionFetcher/Core (1.7.0)
  - KakaoSDK (2.5.6):
    - KakaoSDKAuth (= 2.5.6)
    - KakaoSDKCommon (= 2.5.6)
    - KakaoSDKLink (= 2.5.6)
    - KakaoSDKNavi (= 2.5.6)
    - KakaoSDKStory (= 2.5.6)
    - KakaoSDKTalk (= 2.5.6)
    - KakaoSDKTemplate (= 2.5.6)
    - KakaoSDKUser (= 2.5.6)
  - KakaoSDKAuth (2.5.6):
    - KakaoSDKCommon (= 2.5.6)
  - KakaoSDKCommon (2.5.6):
    - KakaoSDKCommon/Common (= 2.5.6)
    - KakaoSDKCommon/Network (= 2.5.6)
  - KakaoSDKCommon/Common (2.5.6)
  - KakaoSDKCommon/Network (2.5.6):
    - Alamofire (~> 5.1)
    - KakaoSDKCommon/Common (= 2.5.6)
  - KakaoSDKLink (2.5.6):
    - KakaoSDKCommon (= 2.5.6)
    - KakaoSDKTemplate (= 2.5.6)
  - KakaoSDKNavi (2.5.6):
    - KakaoSDKCommon/Common (= 2.5.6)
  - KakaoSDKStory (2.5.6):
    - KakaoSDKUser (= 2.5.6)
  - KakaoSDKTalk (2.5.6):
    - KakaoSDKTemplate (= 2.5.6)
    - KakaoSDKUser (= 2.5.6)
  - KakaoSDKTemplate (2.5.6):
    - KakaoSDKCommon/Common (= 2.5.6)
  - KakaoSDKUser (2.5.6):
    - KakaoSDKAuth (= 2.5.6)
  - Kingfisher (7.2.0)
  - lottie-ios (3.3.0)
  - Moya (15.0.0):
    - Moya/Core (= 15.0.0)
  - Moya/Core (15.0.0):
    - Alamofire (~> 5.0)
  - nanopb (2.30908.0):
    - nanopb/decode (= 2.30908.0)
    - nanopb/encode (= 2.30908.0)
  - nanopb/decode (2.30908.0)
  - nanopb/encode (2.30908.0)
  - PromisesObjC (2.0.0)
  - SoundWave (0.1.4)
  - SwiftLint (0.46.5)

DEPENDENCIES:
  - DropDown
  - Firebase/Messaging
  - GoogleSignIn
  - KakaoSDK (= 2.5.6)
  - Kingfisher
  - lottie-ios
  - Moya
  - SoundWave
  - SwiftLint

SPEC REPOS:
  trunk:
    - Alamofire
    - AppAuth
    - DropDown
    - Firebase
    - FirebaseCore
    - FirebaseCoreDiagnostics
    - FirebaseInstallations
    - FirebaseMessaging
    - GoogleDataTransport
    - GoogleSignIn
    - GoogleUtilities
    - GTMAppAuth
    - GTMSessionFetcher
    - KakaoSDK
    - KakaoSDKAuth
    - KakaoSDKCommon
    - KakaoSDKLink
    - KakaoSDKNavi
    - KakaoSDKStory
    - KakaoSDKTalk
    - KakaoSDKTemplate
    - KakaoSDKUser
    - Kingfisher
    - lottie-ios
    - Moya
    - nanopb
    - PromisesObjC
    - SoundWave
    - SwiftLint

SPEC CHECKSUMS:
  Alamofire: 1c4fb5369c3fe93d2857c780d8bbe09f06f97e7c
  AppAuth: 31bcec809a638d7bd2f86ea8a52bd45f6e81e7c7
  DropDown: 8a2116376c1981888557f72ec2ffc9a5e0e456ec
  Firebase: ee9b1d9b1801371e29f5591eda89eb5a314ab599
  FirebaseCore: c7e3fa30492e50ccdeef280bf0d5584af38da3e1
  FirebaseCoreDiagnostics: c2836d254a8f0bbb4121ff18f2c2ea39d118fd08
  FirebaseInstallations: 60edbf7e11d91ae4c751d26c200dfd037099abe0
  FirebaseMessaging: 8cddb4c478663611d58c03b353e10dd0ed6468f6
  GoogleDataTransport: 629c20a4d363167143f30ea78320d5a7eb8bd940
  GoogleSignIn: c90b5bec45e780f54c6a8e1e3c182a86e3dda69d
  GoogleUtilities: e0913149f6b0625b553d70dae12b49fc62914fd1
  GTMAppAuth: ad5c2b70b9a8689e1a04033c9369c4915bfcbe89
  GTMSessionFetcher: 43748f93435c2aa068b1cbe39655aaf600652e91
  KakaoSDK: cf7977079b8b2925ee366ebe29aae51921e648ce
  KakaoSDKAuth: 1e1fa737e78eed3f301ab5c164526781a37a42f9
  KakaoSDKCommon: cdf340a8f671eef75f4ca012003cb350af3c4b6d
  KakaoSDKLink: 59336155a065da278ba30dc656506295dc682979
  KakaoSDKNavi: 8f74b7faad26e632c556bdf0584a30a3948f2c70
  KakaoSDKStory: 5f32ad8525fa8b209ef91578f4be9c2c45a07f51
  KakaoSDKTalk: 68c72269e9095afb9582f324b94f99dd6284e361
  KakaoSDKTemplate: 0370e640abd33d0acb3d7bbe4ef3c02dc42a4576
  KakaoSDKUser: f488aa4699b3fd3a836ab5c7e25e2cb4cea190c1
  Kingfisher: 3ac0b75b155cabc0e544877d1a4deea29feece92
  lottie-ios: 6ac74dcc09904798f59b18cb3075c089d76be9ae
  Moya: 138f0573e53411fb3dc17016add0b748dfbd78ee
  nanopb: a0ba3315591a9ae0a16a309ee504766e90db0c96
  PromisesObjC: 68159ce6952d93e17b2dfe273b8c40907db5ba58
  SoundWave: d98ffaa863570b29d991da32a09b7ce1b4aaf2d4
  SwiftLint: 2c16e8fa99dac2e440dc0c70ea74d2532048f6cf

PODFILE CHECKSUM: 640f234f4a6d932fb6b7c3d04eb0de6ae7be0efa

COCOAPODS: 1.10.1
