PODS:
  - Alamofire (5.4.4)
  - AppAuth (1.4.0):
    - AppAuth/Core (= 1.4.0)
    - AppAuth/ExternalUserAgent (= 1.4.0)
  - AppAuth/Core (1.4.0)
  - AppAuth/ExternalUserAgent (1.4.0)
  - DropDown (2.3.13)
  - GoogleSignIn (6.0.2):
    - AppAuth (~> 1.4)
    - GTMAppAuth (~> 1.0)
    - GTMSessionFetcher/Core (~> 1.1)
  - GTMAppAuth (1.2.2):
    - AppAuth/Core (~> 1.4)
    - GTMSessionFetcher/Core (~> 1.5)
  - GTMSessionFetcher/Core (1.7.0)
  - KakaoSDK (2.5.6):
    - KakaoSDKAuth (= 2.5.6)
    - KakaoSDKCommon (= 2.5.6)
    - KakaoSDKLink (= 2.5.6)
    - KakaoSDKNavi (= 2.5.6)
    - KakaoSDKStory (= 2.5.6)
    - KakaoSDKTalk (= 2.5.6)
    - KakaoSDKTemplate (= 2.5.6)
    - KakaoSDKUser (= 2.5.6)
  - KakaoSDKAuth (2.5.6):
    - KakaoSDKCommon (= 2.5.6)
  - KakaoSDKCommon (2.5.6):
    - KakaoSDKCommon/Common (= 2.5.6)
    - KakaoSDKCommon/Network (= 2.5.6)
  - KakaoSDKCommon/Common (2.5.6)
  - KakaoSDKCommon/Network (2.5.6):
    - Alamofire (~> 5.1)
    - KakaoSDKCommon/Common (= 2.5.6)
  - KakaoSDKLink (2.5.6):
    - KakaoSDKCommon (= 2.5.6)
    - KakaoSDKTemplate (= 2.5.6)
  - KakaoSDKNavi (2.5.6):
    - KakaoSDKCommon/Common (= 2.5.6)
  - KakaoSDKStory (2.5.6):
    - KakaoSDKUser (= 2.5.6)
  - KakaoSDKTalk (2.5.6):
    - KakaoSDKTemplate (= 2.5.6)
    - KakaoSDKUser (= 2.5.6)
  - KakaoSDKTemplate (2.5.6):
    - KakaoSDKCommon/Common (= 2.5.6)
  - KakaoSDKUser (2.5.6):
    - KakaoSDKAuth (= 2.5.6)
  - Kingfisher (7.0.0)
  - lottie-ios (3.2.3)
  - Moya (15.0.0):
    - Moya/Core (= 15.0.0)
  - Moya/Core (15.0.0):
    - Alamofire (~> 5.0)
  - SoundWave (0.1.4)
  - SwiftLint (0.44.0)

DEPENDENCIES:
  - DropDown
  - GoogleSignIn
  - KakaoSDK (= 2.5.6)
  - Kingfisher
  - lottie-ios
  - Moya
  - SoundWave
  - SwiftLint

SPEC REPOS:
  trunk:
    - Alamofire
    - AppAuth
    - DropDown
    - GoogleSignIn
    - GTMAppAuth
    - GTMSessionFetcher
    - KakaoSDK
    - KakaoSDKAuth
    - KakaoSDKCommon
    - KakaoSDKLink
    - KakaoSDKNavi
    - KakaoSDKStory
    - KakaoSDKTalk
    - KakaoSDKTemplate
    - KakaoSDKUser
    - Kingfisher
    - lottie-ios
    - Moya
    - SoundWave
    - SwiftLint

SPEC CHECKSUMS:
  Alamofire: f3b09a368f1582ab751b3fff5460276e0d2cf5c9
  AppAuth: 31bcec809a638d7bd2f86ea8a52bd45f6e81e7c7
  DropDown: 8a2116376c1981888557f72ec2ffc9a5e0e456ec
  GoogleSignIn: fd381840dbe7c1137aa6dc30849a5c3e070c034a
  GTMAppAuth: ad5c2b70b9a8689e1a04033c9369c4915bfcbe89
  GTMSessionFetcher: 43748f93435c2aa068b1cbe39655aaf600652e91
  KakaoSDK: cf7977079b8b2925ee366ebe29aae51921e648ce
  KakaoSDKAuth: 1e1fa737e78eed3f301ab5c164526781a37a42f9
  KakaoSDKCommon: cdf340a8f671eef75f4ca012003cb350af3c4b6d
  KakaoSDKLink: 59336155a065da278ba30dc656506295dc682979
  KakaoSDKNavi: 8f74b7faad26e632c556bdf0584a30a3948f2c70
  KakaoSDKStory: 5f32ad8525fa8b209ef91578f4be9c2c45a07f51
  KakaoSDKTalk: 68c72269e9095afb9582f324b94f99dd6284e361
  KakaoSDKTemplate: 0370e640abd33d0acb3d7bbe4ef3c02dc42a4576
  KakaoSDKUser: f488aa4699b3fd3a836ab5c7e25e2cb4cea190c1
  Kingfisher: 5efc54fec3980f92354898532e562cc17f31efb4
  lottie-ios: c058aeafa76daa4cf64d773554bccc8385d0150e
  Moya: 138f0573e53411fb3dc17016add0b748dfbd78ee
  SoundWave: d98ffaa863570b29d991da32a09b7ce1b4aaf2d4
  SwiftLint: e96c0a8c770c7ebbc4d36c55baf9096bb65c4584

PODFILE CHECKSUM: 65d062e07a6e0cc3c7aef4a5307225bf635889d1

COCOAPODS: 1.11.2
