PODS:
  - Alamofire (5.5.0)
  - AppAuth (1.4.0):
    - AppAuth/Core (= 1.4.0)
    - AppAuth/ExternalUserAgent (= 1.4.0)
  - AppAuth/Core (1.4.0)
  - AppAuth/ExternalUserAgent (1.4.0)
  - DropDown (2.3.13)
  - GoogleSignIn (6.1.0):
    - AppAuth (~> 1.4)
    - GTMAppAuth (~> 1.0)
    - GTMSessionFetcher/Core (~> 1.1)
  - GTMAppAuth (1.2.2):
    - AppAuth/Core (~> 1.4)
    - GTMSessionFetcher/Core (~> 1.5)
  - GTMSessionFetcher/Core (1.7.0)
  - KakaoSDK (2.8.6):
    - KakaoSDKAuth (= 2.8.6)
    - KakaoSDKCommon (= 2.8.6)
    - KakaoSDKLink (= 2.8.6)
    - KakaoSDKNavi (= 2.8.6)
    - KakaoSDKStory (= 2.8.6)
    - KakaoSDKTalk (= 2.8.6)
    - KakaoSDKTemplate (= 2.8.6)
    - KakaoSDKUser (= 2.8.6)
  - KakaoSDKAuth (2.8.6):
    - KakaoSDKCommon (= 2.8.6)
  - KakaoSDKCommon (2.8.6):
    - KakaoSDKCommon/Common (= 2.8.6)
    - KakaoSDKCommon/Network (= 2.8.6)
  - KakaoSDKCommon/Common (2.8.6)
  - KakaoSDKCommon/Network (2.8.6):
    - Alamofire (~> 5.1)
    - KakaoSDKCommon/Common (= 2.8.6)
  - KakaoSDKLink (2.8.6):
    - KakaoSDKCommon (= 2.8.6)
    - KakaoSDKTemplate (= 2.8.6)
  - KakaoSDKNavi (2.8.6):
    - KakaoSDKCommon/Common (= 2.8.6)
  - KakaoSDKStory (2.8.6):
    - KakaoSDKUser (= 2.8.6)
  - KakaoSDKTalk (2.8.6):
    - KakaoSDKTemplate (= 2.8.6)
    - KakaoSDKUser (= 2.8.6)
  - KakaoSDKTemplate (2.8.6):
    - KakaoSDKCommon/Common (= 2.8.6)
  - KakaoSDKUser (2.8.6):
    - KakaoSDKAuth (= 2.8.6)
  - Kingfisher (7.2.0)
  - lottie-ios (3.3.0)
  - Moya (15.0.0):
    - Moya/Core (= 15.0.0)
  - Moya/Core (15.0.0):
    - Alamofire (~> 5.0)
  - SoundWave (0.1.4)
  - SwiftLint (0.46.5)

DEPENDENCIES:
  - DropDown
  - GoogleSignIn
  - KakaoSDK
  - Kingfisher
  - lottie-ios
  - Moya
  - SoundWave
  - SwiftLint

SPEC REPOS:
  trunk:
    - Alamofire
    - AppAuth
    - DropDown
    - GoogleSignIn
    - GTMAppAuth
    - GTMSessionFetcher
    - KakaoSDK
    - KakaoSDKAuth
    - KakaoSDKCommon
    - KakaoSDKLink
    - KakaoSDKNavi
    - KakaoSDKStory
    - KakaoSDKTalk
    - KakaoSDKTemplate
    - KakaoSDKUser
    - Kingfisher
    - lottie-ios
    - Moya
    - SoundWave
    - SwiftLint

SPEC CHECKSUMS:
  Alamofire: 1c4fb5369c3fe93d2857c780d8bbe09f06f97e7c
  AppAuth: 31bcec809a638d7bd2f86ea8a52bd45f6e81e7c7
  DropDown: 8a2116376c1981888557f72ec2ffc9a5e0e456ec
  GoogleSignIn: c90b5bec45e780f54c6a8e1e3c182a86e3dda69d
  GTMAppAuth: ad5c2b70b9a8689e1a04033c9369c4915bfcbe89
  GTMSessionFetcher: 43748f93435c2aa068b1cbe39655aaf600652e91
  KakaoSDK: 29ca188341fbb8994586eac73c10209f3889b574
  KakaoSDKAuth: 53e747a3bf343a3f3e87b14478d5a865d6c2acae
  KakaoSDKCommon: 7e56600ff4c1bd82bed93fea4299b5a37f47e6a5
  KakaoSDKLink: 59a6bdf7abd915aacba4c2671672ffe9654798dd
  KakaoSDKNavi: 4df155701e60822a9f4426630ae2a38328e779be
  KakaoSDKStory: afd97ece5b6b2a6d342533397654cea773954664
  KakaoSDKTalk: d5b5a21281fa370f7d273a9140e82ba54aa9531a
  KakaoSDKTemplate: 23bdcba233dce91fc948353c3b03d94f928d87d1
  KakaoSDKUser: e79480355fa789f42e628dfba359fc21e9914f4c
  Kingfisher: 3ac0b75b155cabc0e544877d1a4deea29feece92
  lottie-ios: 6ac74dcc09904798f59b18cb3075c089d76be9ae
  Moya: 138f0573e53411fb3dc17016add0b748dfbd78ee
  SoundWave: d98ffaa863570b29d991da32a09b7ce1b4aaf2d4
  SwiftLint: 2c16e8fa99dac2e440dc0c70ea74d2532048f6cf

PODFILE CHECKSUM: 30935f48c5c2b890ee19e61e6a2093e189a1d632

COCOAPODS: 1.10.1
