// !$*UTF8*$!
{
	archiveVersion = 1;
	classes = {
	};
	objectVersion = 51;
	objects = {

/* Begin PBXBuildFile section */
		12053F322709D204003C5E6F /* OnBoardingViewController+CollectionViewExtension.swift in Sources */ = {isa = PBXBuildFile; fileRef = 12053F312709D204003C5E6F /* OnBoardingViewController+CollectionViewExtension.swift */; };
		12053F352709D595003C5E6F /* OnBoardingCollectionViewCell1.swift in Sources */ = {isa = PBXBuildFile; fileRef = 12053F342709D595003C5E6F /* OnBoardingCollectionViewCell1.swift */; };
		12053F372709D5B9003C5E6F /* OnBoardingCollectionViewCell2.swift in Sources */ = {isa = PBXBuildFile; fileRef = 12053F362709D5B9003C5E6F /* OnBoardingCollectionViewCell2.swift */; };
		12053F392709D5CE003C5E6F /* OnBoardingCollectionViewCell3.swift in Sources */ = {isa = PBXBuildFile; fileRef = 12053F382709D5CE003C5E6F /* OnBoardingCollectionViewCell3.swift */; };
		120B28B126BAD5550058A568 /* AppleLoginManager.swift in Sources */ = {isa = PBXBuildFile; fileRef = 120B28B026BAD5550058A568 /* AppleLoginManager.swift */; };
		1235B4102709AC8E00C750DF /* OnBoarding.storyboard in Resources */ = {isa = PBXBuildFile; fileRef = 1235B40F2709AC8E00C750DF /* OnBoarding.storyboard */; };
		1235B4142709ACC500C750DF /* OnBoardingViewController.swift in Sources */ = {isa = PBXBuildFile; fileRef = 1235B4132709ACC500C750DF /* OnBoardingViewController.swift */; };
		12603DCA26C900DE0077F859 /* JoinedDiaryCollectionReusableView.swift in Sources */ = {isa = PBXBuildFile; fileRef = 12603DC926C900DE0077F859 /* JoinedDiaryCollectionReusableView.swift */; };
		12603DCE26C9356D0077F859 /* Diary.storyboard in Resources */ = {isa = PBXBuildFile; fileRef = 12603DCD26C9356D0077F859 /* Diary.storyboard */; };
		12603DD126C935B30077F859 /* DiaryViewController.swift in Sources */ = {isa = PBXBuildFile; fileRef = 12603DD026C935B20077F859 /* DiaryViewController.swift */; };
		12603DD426C952AF0077F859 /* StoryCollectionViewCell.swift in Sources */ = {isa = PBXBuildFile; fileRef = 12603DD326C952AF0077F859 /* StoryCollectionViewCell.swift */; };
		12603DD826C9531B0077F859 /* StoryWritingTurnCollectionViewCell.swift in Sources */ = {isa = PBXBuildFile; fileRef = 12603DD726C9531B0077F859 /* StoryWritingTurnCollectionViewCell.swift */; };
		12603DDA26C9537A0077F859 /* StoryReadingTurnCollectionViewCell.swift in Sources */ = {isa = PBXBuildFile; fileRef = 12603DD926C9537A0077F859 /* StoryReadingTurnCollectionViewCell.swift */; };
		12603DDC26C9552B0077F859 /* DiaryCollectionReusableView.swift in Sources */ = {isa = PBXBuildFile; fileRef = 12603DDB26C9552B0077F859 /* DiaryCollectionReusableView.swift */; };
		12603DDE26C956440077F859 /* StoryParticipantsCollectionViewCell.swift in Sources */ = {isa = PBXBuildFile; fileRef = 12603DDD26C956440077F859 /* StoryParticipantsCollectionViewCell.swift */; };
		126BE6C626C4CFA100756266 /* Volte Bold Italic.otf in Resources */ = {isa = PBXBuildFile; fileRef = 126BE6BC26C4CF9000756266 /* Volte Bold Italic.otf */; };
		126BE6C726C4CFA400756266 /* Volte Bold.otf in Resources */ = {isa = PBXBuildFile; fileRef = 126BE6C526C4CF9100756266 /* Volte Bold.otf */; };
		126BE6C826C4CFA700756266 /* Volte Light Italic.otf in Resources */ = {isa = PBXBuildFile; fileRef = 126BE6BD26C4CF9000756266 /* Volte Light Italic.otf */; };
		126BE6C926C4CFAB00756266 /* Volte Light.otf in Resources */ = {isa = PBXBuildFile; fileRef = 126BE6C426C4CF9100756266 /* Volte Light.otf */; };
		126BE6CA26C4CFAF00756266 /* Volte Medium Italic.otf in Resources */ = {isa = PBXBuildFile; fileRef = 126BE6BF26C4CF9000756266 /* Volte Medium Italic.otf */; };
		126BE6CB26C4CFB300756266 /* Volte Medium.otf in Resources */ = {isa = PBXBuildFile; fileRef = 126BE6C126C4CF9100756266 /* Volte Medium.otf */; };
		126BE6CC26C4CFB600756266 /* Volte Regular Italic.otf in Resources */ = {isa = PBXBuildFile; fileRef = 126BE6C226C4CF9100756266 /* Volte Regular Italic.otf */; };
		126BE6CD26C4CFB900756266 /* Volte Semibold.otf in Resources */ = {isa = PBXBuildFile; fileRef = 126BE6C326C4CF9100756266 /* Volte Semibold.otf */; };
		126BE6CE26C4CFBC00756266 /* Volte Semibold Italic.otf in Resources */ = {isa = PBXBuildFile; fileRef = 126BE6BE26C4CF9000756266 /* Volte Semibold Italic.otf */; };
		126BE6CF26C4CFC000756266 /* Volte.otf in Resources */ = {isa = PBXBuildFile; fileRef = 126BE6C026C4CF9000756266 /* Volte.otf */; };
		126BE6D126C4D2C100756266 /* DeadLineDiaryCollectionViewCell.swift in Sources */ = {isa = PBXBuildFile; fileRef = 126BE6D026C4D2C100756266 /* DeadLineDiaryCollectionViewCell.swift */; };
		126BE6D426C4D2DE00756266 /* JoinedDiaryCollectionViewCell.swift in Sources */ = {isa = PBXBuildFile; fileRef = 126BE6D326C4D2DE00756266 /* JoinedDiaryCollectionViewCell.swift */; };
		1279629426B93C9C0027EB8C /* Auth.storyboard in Resources */ = {isa = PBXBuildFile; fileRef = 1279629326B93C9C0027EB8C /* Auth.storyboard */; };
		1279629726B93D080027EB8C /* SignInViewController.swift in Sources */ = {isa = PBXBuildFile; fileRef = 1279629626B93D080027EB8C /* SignInViewController.swift */; };
		129FCEA026BC222B000E20BE /* Info.plist in Resources */ = {isa = PBXBuildFile; fileRef = 129FCE9E26BC222B000E20BE /* Info.plist */; };
		12BB18AA26D5185600A9DF2A /* SelectBackgroundImageCollectionViewCell.swift in Sources */ = {isa = PBXBuildFile; fileRef = 12BB18A926D5185600A9DF2A /* SelectBackgroundImageCollectionViewCell.swift */; };
		12BB18AC26D5187E00A9DF2A /* InputJoinCodeCollectionViewCell.swift in Sources */ = {isa = PBXBuildFile; fileRef = 12BB18AB26D5187E00A9DF2A /* InputJoinCodeCollectionViewCell.swift */; };
		12BB18AE26D51CB100A9DF2A /* BackgroundImageCollectionViewCell.swift in Sources */ = {isa = PBXBuildFile; fileRef = 12BB18AD26D51CB100A9DF2A /* BackgroundImageCollectionViewCell.swift */; };
		12BFEBB426BC258500E70DD7 /* credentials.plist in Resources */ = {isa = PBXBuildFile; fileRef = 12BFEBB326BC258500E70DD7 /* credentials.plist */; };
		12C3938626D78D1C0056A616 /* NewDiaryPopUpViewController+CollectionViewExtension.swift in Sources */ = {isa = PBXBuildFile; fileRef = 12C3938526D78D1C0056A616 /* NewDiaryPopUpViewController+CollectionViewExtension.swift */; };
		12DFB9E126BE7AA9009C23D1 /* SocialLoginType.swift in Sources */ = {isa = PBXBuildFile; fileRef = 12DFB9E026BE7AA9009C23D1 /* SocialLoginType.swift */; };
		12DFB9E326BE85A7009C23D1 /* SocialLoginManager.swift in Sources */ = {isa = PBXBuildFile; fileRef = 12DFB9E226BE85A7009C23D1 /* SocialLoginManager.swift */; };
		4C09162126F9A17A0055CD18 /* AdminViewController.swift in Sources */ = {isa = PBXBuildFile; fileRef = 4C09162026F9A17A0055CD18 /* AdminViewController.swift */; };
		4C17688326D111D800F0D6B3 /* CreateDiaryCollectionViewCell.swift in Sources */ = {isa = PBXBuildFile; fileRef = 4C17688226D111D800F0D6B3 /* CreateDiaryCollectionViewCell.swift */; };
		4C1E9D5C26F9B56B003C2F63 /* WritingOrderModifyViewController.swift in Sources */ = {isa = PBXBuildFile; fileRef = 4C1E9D5B26F9B56B003C2F63 /* WritingOrderModifyViewController.swift */; };
		4C1FF1B327DF8C990096530F /* AuthorizationAPI.swift in Sources */ = {isa = PBXBuildFile; fileRef = 4C1FF1B227DF8C990096530F /* AuthorizationAPI.swift */; };
		4C3328D426F746DD004A5A92 /* StoryCollectionViewFlowLayout.swift in Sources */ = {isa = PBXBuildFile; fileRef = 4C3328D326F746DD004A5A92 /* StoryCollectionViewFlowLayout.swift */; };
		4C4978C626FA145000C0C627 /* WritingOrderModifyCell.swift in Sources */ = {isa = PBXBuildFile; fileRef = 4C4978C526FA145000C0C627 /* WritingOrderModifyCell.swift */; };
		4C4978C826FA151A00C0C627 /* WritingOrderModifyViewController+CollectionViewExtension.swift in Sources */ = {isa = PBXBuildFile; fileRef = 4C4978C726FA151A00C0C627 /* WritingOrderModifyViewController+CollectionViewExtension.swift */; };
		4C4978CA26FA3F7900C0C627 /* CALayer+Extension.swift in Sources */ = {isa = PBXBuildFile; fileRef = 4C4978C926FA3F7900C0C627 /* CALayer+Extension.swift */; };
		4C4F589227E2105100A3E8BF /* HeaderInfomation.swift in Sources */ = {isa = PBXBuildFile; fileRef = 4C4F589127E2105100A3E8BF /* HeaderInfomation.swift */; };
		4C8FBA6327E759A700DF56BA /* TOSViewController.swift in Sources */ = {isa = PBXBuildFile; fileRef = 4C8FBA6227E759A700DF56BA /* TOSViewController.swift */; };
		4C8FBA6527E766C000DF56BA /* KeyValue.swift in Sources */ = {isa = PBXBuildFile; fileRef = 4C8FBA6427E766C000DF56BA /* KeyValue.swift */; };
		4C9B03F527EA0568005A43A1 /* TOSNavigationController.swift in Sources */ = {isa = PBXBuildFile; fileRef = 4C9B03F427EA0568005A43A1 /* TOSNavigationController.swift */; };
		4C9B03F727EB41C7005A43A1 /* TOSUrl.swift in Sources */ = {isa = PBXBuildFile; fileRef = 4C9B03F627EB41C7005A43A1 /* TOSUrl.swift */; };
		4CA911FC27DA0B0000CD3FC3 /* TokenManager.swift in Sources */ = {isa = PBXBuildFile; fileRef = 4CA911FB27DA0B0000CD3FC3 /* TokenManager.swift */; };
		4CA911FE27DA239100CD3FC3 /* Token.swift in Sources */ = {isa = PBXBuildFile; fileRef = 4CA911FD27DA239100CD3FC3 /* Token.swift */; };
		4CA9120027DA298100CD3FC3 /* KeyChainManager.swift in Sources */ = {isa = PBXBuildFile; fileRef = 4CA911FF27DA298100CD3FC3 /* KeyChainManager.swift */; };
		4CC73B4826F9F76F009359DC /* UpdateInvitationCodeViewController.swift in Sources */ = {isa = PBXBuildFile; fileRef = 4CC73B4726F9F76F009359DC /* UpdateInvitationCodeViewController.swift */; };
		4CE24ED226D0CFA100F1DB62 /* HomeViewController+CollectionViewExtension.swift in Sources */ = {isa = PBXBuildFile; fileRef = 4CE24ED126D0CFA100F1DB62 /* HomeViewController+CollectionViewExtension.swift */; };
		4CE24ED426D0D31400F1DB62 /* DiaryViewController+CollectionViewExtnesion.swift in Sources */ = {isa = PBXBuildFile; fileRef = 4CE24ED326D0D31400F1DB62 /* DiaryViewController+CollectionViewExtnesion.swift */; };
		4CE24ED826D107C600F1DB62 /* NewDiaryPopUpViewController.swift in Sources */ = {isa = PBXBuildFile; fileRef = 4CE24ED726D107C600F1DB62 /* NewDiaryPopUpViewController.swift */; };
		4CF687FA27E7762D00728E77 /* TOSWebViewController.swift in Sources */ = {isa = PBXBuildFile; fileRef = 4CF687F927E7762D00728E77 /* TOSWebViewController.swift */; };
		9B03D57926E7309E005BE354 /* Loading.storyboard in Resources */ = {isa = PBXBuildFile; fileRef = 9B03D57826E7309E005BE354 /* Loading.storyboard */; };
		9B03D57B26E730C0005BE354 /* LoadingViewController.swift in Sources */ = {isa = PBXBuildFile; fileRef = 9B03D57A26E730C0005BE354 /* LoadingViewController.swift */; };
		9B03D57E26E7B356005BE354 /* NoticeCollectionViewCell.swift in Sources */ = {isa = PBXBuildFile; fileRef = 9B03D57D26E7B356005BE354 /* NoticeCollectionViewCell.swift */; };
		9B03D58126E89BF2005BE354 /* PushCollectionViewCell.swift in Sources */ = {isa = PBXBuildFile; fileRef = 9B03D58026E89BF2005BE354 /* PushCollectionViewCell.swift */; };
		9B03D58326EF9883005BE354 /* NoticeDetailViewController.swift in Sources */ = {isa = PBXBuildFile; fileRef = 9B03D58226EF9883005BE354 /* NoticeDetailViewController.swift */; };
		9B2601482769F64100BCE87B /* StoryDataResponse.swift in Sources */ = {isa = PBXBuildFile; fileRef = 9B2601472769F64100BCE87B /* StoryDataResponse.swift */; };
		9B26C20026D92BAA00ECECF8 /* AudioPitch.swift in Sources */ = {isa = PBXBuildFile; fileRef = 9B26C1FF26D92BAA00ECECF8 /* AudioPitch.swift */; };
		9B26C20226DE2C5300ECECF8 /* PushSettingViewController.swift in Sources */ = {isa = PBXBuildFile; fileRef = 9B26C20126DE2C5200ECECF8 /* PushSettingViewController.swift */; };
		9B26C20426DE707E00ECECF8 /* NoticeViewController.swift in Sources */ = {isa = PBXBuildFile; fileRef = 9B26C20326DE707D00ECECF8 /* NoticeViewController.swift */; };
		9B26C20626DE7D0300ECECF8 /* QuestionViewController.swift in Sources */ = {isa = PBXBuildFile; fileRef = 9B26C20526DE7D0300ECECF8 /* QuestionViewController.swift */; };
		9B26C20826DE7D5400ECECF8 /* OpenSourceLicenseViewController.swift in Sources */ = {isa = PBXBuildFile; fileRef = 9B26C20726DE7D5400ECECF8 /* OpenSourceLicenseViewController.swift */; };
		9B26C20A26DE98C700ECECF8 /* UserProfileViewController.swift in Sources */ = {isa = PBXBuildFile; fileRef = 9B26C20926DE98C600ECECF8 /* UserProfileViewController.swift */; };
		9B26C20C26DF535B00ECECF8 /* UserProfileData.swift in Sources */ = {isa = PBXBuildFile; fileRef = 9B26C20B26DF535A00ECECF8 /* UserProfileData.swift */; };
		9B26C20E26E687EF00ECECF8 /* FileDownloader.swift in Sources */ = {isa = PBXBuildFile; fileRef = 9B26C20D26E687EC00ECECF8 /* FileDownloader.swift */; };
		9B2BF4692699E3CC00FA072C /* AppDelegate.swift in Sources */ = {isa = PBXBuildFile; fileRef = 9B2BF4682699E3CC00FA072C /* AppDelegate.swift */; };
		9B2BF46B2699E3CC00FA072C /* SceneDelegate.swift in Sources */ = {isa = PBXBuildFile; fileRef = 9B2BF46A2699E3CC00FA072C /* SceneDelegate.swift */; };
		9B2BF46D2699E3CC00FA072C /* MainViewController.swift in Sources */ = {isa = PBXBuildFile; fileRef = 9B2BF46C2699E3CC00FA072C /* MainViewController.swift */; };
		9B2BF4722699E3CF00FA072C /* Assets.xcassets in Resources */ = {isa = PBXBuildFile; fileRef = 9B2BF4712699E3CF00FA072C /* Assets.xcassets */; };
		9B40EA0727611931000D5733 /* VodaAPI.swift in Sources */ = {isa = PBXBuildFile; fileRef = 9B40EA0627611931000D5733 /* VodaAPI.swift */; };
		9B40EA09276213CF000D5733 /* APIService.swift in Sources */ = {isa = PBXBuildFile; fileRef = 9B40EA08276213CF000D5733 /* APIService.swift */; };
		9B40EA0F2767B02B000D5733 /* DefaultSession.swift in Sources */ = {isa = PBXBuildFile; fileRef = 9B40EA0E2767B02B000D5733 /* DefaultSession.swift */; };
		9B40EA1927687103000D5733 /* APIServiceTests.swift in Sources */ = {isa = PBXBuildFile; fileRef = 9B40EA1827687103000D5733 /* APIServiceTests.swift */; };
		9B40EA2327687C1B000D5733 /* MockAPIService.swift in Sources */ = {isa = PBXBuildFile; fileRef = 9B40EA2227687C1B000D5733 /* MockAPIService.swift */; };
		9B44A97E26D166830078B561 /* AudioData.swift in Sources */ = {isa = PBXBuildFile; fileRef = 9B44A97D26D166820078B561 /* AudioData.swift */; };
		9B44A98026D177DD0078B561 /* StoryDetailViewController.swift in Sources */ = {isa = PBXBuildFile; fileRef = 9B44A97F26D177DC0078B561 /* StoryDetailViewController.swift */; };
		9B4A627E27E0D75800BF8A55 /* loading.json in Resources */ = {isa = PBXBuildFile; fileRef = 9B4A627D27E0D75800BF8A55 /* loading.json */; };
		9B4A628127E1A69D00BF8A55 /* GoogleService-Info.plist in Resources */ = {isa = PBXBuildFile; fileRef = 9B4A627F27E1A69D00BF8A55 /* GoogleService-Info.plist */; };
		9B4A628327E20D3500BF8A55 /* Storyboard.swift in Sources */ = {isa = PBXBuildFile; fileRef = 9B4A628227E20D3500BF8A55 /* Storyboard.swift */; };
		9B60617326C184AF008C84DC /* Home.storyboard in Resources */ = {isa = PBXBuildFile; fileRef = 9B60617226C184AF008C84DC /* Home.storyboard */; };
		9B60617926C184C2008C84DC /* TimeInterval+Extension.swift in Sources */ = {isa = PBXBuildFile; fileRef = 9B60617626C184C2008C84DC /* TimeInterval+Extension.swift */; };
		9B60617A26C184C2008C84DC /* SegueIdentifier.swift in Sources */ = {isa = PBXBuildFile; fileRef = 9B60617826C184C2008C84DC /* SegueIdentifier.swift */; };
		9B60618026C1886D008C84DC /* UIImageView+Extension.swift in Sources */ = {isa = PBXBuildFile; fileRef = 9B60617B26C1886D008C84DC /* UIImageView+Extension.swift */; };
		9B60618126C1886D008C84DC /* UIColor+Extension.swift in Sources */ = {isa = PBXBuildFile; fileRef = 9B60617C26C1886D008C84DC /* UIColor+Extension.swift */; };
		9B60618226C1886D008C84DC /* UIView+Extension.swift in Sources */ = {isa = PBXBuildFile; fileRef = 9B60617D26C1886D008C84DC /* UIView+Extension.swift */; };
		9B60618326C1886D008C84DC /* UIViewController+Extension.swift in Sources */ = {isa = PBXBuildFile; fileRef = 9B60617E26C1886D008C84DC /* UIViewController+Extension.swift */; };
		9B60618426C1886D008C84DC /* UILabel+Extension.swift in Sources */ = {isa = PBXBuildFile; fileRef = 9B60617F26C1886D008C84DC /* UILabel+Extension.swift */; };
		9B6061D526C394CD008C84DC /* AudioRecordStatus.swift in Sources */ = {isa = PBXBuildFile; fileRef = 9B6061D426C394CD008C84DC /* AudioRecordStatus.swift */; };
		9B6061D726C39504008C84DC /* AudioPlayerStatus.swift in Sources */ = {isa = PBXBuildFile; fileRef = 9B6061D626C39504008C84DC /* AudioPlayerStatus.swift */; };
		9B6061D926C39523008C84DC /* AudioPlayerError.swift in Sources */ = {isa = PBXBuildFile; fileRef = 9B6061D826C39523008C84DC /* AudioPlayerError.swift */; };
		9B6BD2D626C57842007619BE /* ButtonPopUpViewController.swift in Sources */ = {isa = PBXBuildFile; fileRef = 9B6BD2D526C57841007619BE /* ButtonPopUpViewController.swift */; };
		9B6BD2D826C57863007619BE /* PopUp.storyboard in Resources */ = {isa = PBXBuildFile; fileRef = 9B6BD2D726C57863007619BE /* PopUp.storyboard */; };
		9B6BD2DA26C64914007619BE /* ButtonPopUpType.swift in Sources */ = {isa = PBXBuildFile; fileRef = 9B6BD2D926C64913007619BE /* ButtonPopUpType.swift */; };
		9B6BD2DF26C66420007619BE /* DeviceInfo.swift in Sources */ = {isa = PBXBuildFile; fileRef = 9B6BD2DE26C66420007619BE /* DeviceInfo.swift */; };
		9B6BD2E126C839ED007619BE /* PhotoPopUpViewController.swift in Sources */ = {isa = PBXBuildFile; fileRef = 9B6BD2E026C839ED007619BE /* PhotoPopUpViewController.swift */; };
		9B6BD2E326C83A3E007619BE /* WritePeriodPopUpViewController.swift in Sources */ = {isa = PBXBuildFile; fileRef = 9B6BD2E226C83A3E007619BE /* WritePeriodPopUpViewController.swift */; };
		9B6BD2E826CD0353007619BE /* WriteStory.storyboard in Resources */ = {isa = PBXBuildFile; fileRef = 9B6BD2E726CD0353007619BE /* WriteStory.storyboard */; };
		9B6BD2EA26CD0B52007619BE /* WriteStoryViewController.swift in Sources */ = {isa = PBXBuildFile; fileRef = 9B6BD2E926CD0B52007619BE /* WriteStoryViewController.swift */; };
		9B6C8B4026AA963200D089D3 /* VodaAudioRecorder.swift in Sources */ = {isa = PBXBuildFile; fileRef = 9B6C8B3F26AA963200D089D3 /* VodaAudioRecorder.swift */; };
		9B6C8B4726AC829800D089D3 /* VodaAudioPlayer.swift in Sources */ = {isa = PBXBuildFile; fileRef = 9B6C8B4626AC829800D089D3 /* VodaAudioPlayer.swift */; };
		9B6C8B4A26B3E58B00D089D3 /* .swiftlint.yml in Resources */ = {isa = PBXBuildFile; fileRef = 4CBFAC7F26A44D0600924F64 /* .swiftlint.yml */; };
		9B6C8B4C26B3EE9C00D089D3 /* MainTab.swift in Sources */ = {isa = PBXBuildFile; fileRef = 9B6C8B4B26B3EE9C00D089D3 /* MainTab.swift */; };
		9B6C8B5926B3EFFF00D089D3 /* HomeViewController.swift in Sources */ = {isa = PBXBuildFile; fileRef = 9B6C8B5826B3EFFF00D089D3 /* HomeViewController.swift */; };
		9B6C8B5B26B3F01A00D089D3 /* Push.storyboard in Resources */ = {isa = PBXBuildFile; fileRef = 9B6C8B5A26B3F01A00D089D3 /* Push.storyboard */; };
		9B6C8B5D26B3F02600D089D3 /* PushViewController.swift in Sources */ = {isa = PBXBuildFile; fileRef = 9B6C8B5C26B3F02600D089D3 /* PushViewController.swift */; };
		9B6C8B5F26B3F03700D089D3 /* MyPage.storyboard in Resources */ = {isa = PBXBuildFile; fileRef = 9B6C8B5E26B3F03700D089D3 /* MyPage.storyboard */; };
		9B6C8B6126B3F04500D089D3 /* MyPageViewController.swift in Sources */ = {isa = PBXBuildFile; fileRef = 9B6C8B6026B3F04500D089D3 /* MyPageViewController.swift */; };
		9B7D411A27DF87A2004D8964 /* NewDiary.storyboard in Resources */ = {isa = PBXBuildFile; fileRef = 9B7D411927DF87A2004D8964 /* NewDiary.storyboard */; };
		9B904DC626A95DF8004F5B99 /* RecordSoundViewController.swift in Sources */ = {isa = PBXBuildFile; fileRef = 9B904DC526A95DF8004F5B99 /* RecordSoundViewController.swift */; };
		9B904DC826A95E14004F5B99 /* PlaySoundViewController.swift in Sources */ = {isa = PBXBuildFile; fileRef = 9B904DC726A95E14004F5B99 /* PlaySoundViewController.swift */; };
		9B904DCA26A95E82004F5B99 /* AudioRecord.storyboard in Resources */ = {isa = PBXBuildFile; fileRef = 9B904DC926A95E82004F5B99 /* AudioRecord.storyboard */; };
		9BE0A875269A2080005314C0 /* LaunchScreen.storyboard in Resources */ = {isa = PBXBuildFile; fileRef = 9BE0A874269A2080005314C0 /* LaunchScreen.storyboard */; };
		9BE0A886269A2A4E005314C0 /* Main.storyboard in Resources */ = {isa = PBXBuildFile; fileRef = 9BE0A885269A2A4E005314C0 /* Main.storyboard */; };
		9BEB68C726D37CBE00A7F786 /* StoryData.swift in Sources */ = {isa = PBXBuildFile; fileRef = 9BEB68C626D37CBE00A7F786 /* StoryData.swift */; };
		C4F0F161D308FCC79029F665 /* Pods_APIServiceTests.framework in Frameworks */ = {isa = PBXBuildFile; fileRef = 9BA6FC2856BF11552155DF80 /* Pods_APIServiceTests.framework */; };
		D62B1705EB94FBB77F6FF5CF /* Pods_VODA_iOS.framework in Frameworks */ = {isa = PBXBuildFile; fileRef = EE202DC320DB2B380F3FF7CC /* Pods_VODA_iOS.framework */; };
/* End PBXBuildFile section */

/* Begin PBXContainerItemProxy section */
		9B40EA1A27687103000D5733 /* PBXContainerItemProxy */ = {
			isa = PBXContainerItemProxy;
			containerPortal = 9B2BF45D2699E3CC00FA072C /* Project object */;
			proxyType = 1;
			remoteGlobalIDString = 9B2BF4642699E3CC00FA072C;
			remoteInfo = VODA_iOS;
		};
/* End PBXContainerItemProxy section */

/* Begin PBXFileReference section */
		12053F312709D204003C5E6F /* OnBoardingViewController+CollectionViewExtension.swift */ = {isa = PBXFileReference; lastKnownFileType = sourcecode.swift; path = "OnBoardingViewController+CollectionViewExtension.swift"; sourceTree = "<group>"; };
		12053F342709D595003C5E6F /* OnBoardingCollectionViewCell1.swift */ = {isa = PBXFileReference; lastKnownFileType = sourcecode.swift; path = OnBoardingCollectionViewCell1.swift; sourceTree = "<group>"; };
		12053F362709D5B9003C5E6F /* OnBoardingCollectionViewCell2.swift */ = {isa = PBXFileReference; lastKnownFileType = sourcecode.swift; path = OnBoardingCollectionViewCell2.swift; sourceTree = "<group>"; };
		12053F382709D5CE003C5E6F /* OnBoardingCollectionViewCell3.swift */ = {isa = PBXFileReference; lastKnownFileType = sourcecode.swift; path = OnBoardingCollectionViewCell3.swift; sourceTree = "<group>"; };
		120B28AF26BA93250058A568 /* VODA_iOS.entitlements */ = {isa = PBXFileReference; lastKnownFileType = text.plist.entitlements; path = VODA_iOS.entitlements; sourceTree = "<group>"; };
		120B28B026BAD5550058A568 /* AppleLoginManager.swift */ = {isa = PBXFileReference; lastKnownFileType = sourcecode.swift; path = AppleLoginManager.swift; sourceTree = "<group>"; };
		1235B40F2709AC8E00C750DF /* OnBoarding.storyboard */ = {isa = PBXFileReference; lastKnownFileType = file.storyboard; path = OnBoarding.storyboard; sourceTree = "<group>"; };
		1235B4132709ACC500C750DF /* OnBoardingViewController.swift */ = {isa = PBXFileReference; lastKnownFileType = sourcecode.swift; path = OnBoardingViewController.swift; sourceTree = "<group>"; };
		12603DC926C900DE0077F859 /* JoinedDiaryCollectionReusableView.swift */ = {isa = PBXFileReference; lastKnownFileType = sourcecode.swift; path = JoinedDiaryCollectionReusableView.swift; sourceTree = "<group>"; };
		12603DCD26C9356D0077F859 /* Diary.storyboard */ = {isa = PBXFileReference; lastKnownFileType = file.storyboard; path = Diary.storyboard; sourceTree = "<group>"; };
		12603DD026C935B20077F859 /* DiaryViewController.swift */ = {isa = PBXFileReference; lastKnownFileType = sourcecode.swift; path = DiaryViewController.swift; sourceTree = "<group>"; };
		12603DD326C952AF0077F859 /* StoryCollectionViewCell.swift */ = {isa = PBXFileReference; lastKnownFileType = sourcecode.swift; path = StoryCollectionViewCell.swift; sourceTree = "<group>"; };
		12603DD726C9531B0077F859 /* StoryWritingTurnCollectionViewCell.swift */ = {isa = PBXFileReference; lastKnownFileType = sourcecode.swift; path = StoryWritingTurnCollectionViewCell.swift; sourceTree = "<group>"; };
		12603DD926C9537A0077F859 /* StoryReadingTurnCollectionViewCell.swift */ = {isa = PBXFileReference; lastKnownFileType = sourcecode.swift; path = StoryReadingTurnCollectionViewCell.swift; sourceTree = "<group>"; };
		12603DDB26C9552B0077F859 /* DiaryCollectionReusableView.swift */ = {isa = PBXFileReference; lastKnownFileType = sourcecode.swift; path = DiaryCollectionReusableView.swift; sourceTree = "<group>"; };
		12603DDD26C956440077F859 /* StoryParticipantsCollectionViewCell.swift */ = {isa = PBXFileReference; lastKnownFileType = sourcecode.swift; path = StoryParticipantsCollectionViewCell.swift; sourceTree = "<group>"; };
		126BE6BC26C4CF9000756266 /* Volte Bold Italic.otf */ = {isa = PBXFileReference; lastKnownFileType = file; path = "Volte Bold Italic.otf"; sourceTree = "<group>"; };
		126BE6BD26C4CF9000756266 /* Volte Light Italic.otf */ = {isa = PBXFileReference; lastKnownFileType = file; path = "Volte Light Italic.otf"; sourceTree = "<group>"; };
		126BE6BE26C4CF9000756266 /* Volte Semibold Italic.otf */ = {isa = PBXFileReference; lastKnownFileType = file; path = "Volte Semibold Italic.otf"; sourceTree = "<group>"; };
		126BE6BF26C4CF9000756266 /* Volte Medium Italic.otf */ = {isa = PBXFileReference; lastKnownFileType = file; path = "Volte Medium Italic.otf"; sourceTree = "<group>"; };
		126BE6C026C4CF9000756266 /* Volte.otf */ = {isa = PBXFileReference; lastKnownFileType = file; path = Volte.otf; sourceTree = "<group>"; };
		126BE6C126C4CF9100756266 /* Volte Medium.otf */ = {isa = PBXFileReference; lastKnownFileType = file; path = "Volte Medium.otf"; sourceTree = "<group>"; };
		126BE6C226C4CF9100756266 /* Volte Regular Italic.otf */ = {isa = PBXFileReference; lastKnownFileType = file; path = "Volte Regular Italic.otf"; sourceTree = "<group>"; };
		126BE6C326C4CF9100756266 /* Volte Semibold.otf */ = {isa = PBXFileReference; lastKnownFileType = file; path = "Volte Semibold.otf"; sourceTree = "<group>"; };
		126BE6C426C4CF9100756266 /* Volte Light.otf */ = {isa = PBXFileReference; lastKnownFileType = file; path = "Volte Light.otf"; sourceTree = "<group>"; };
		126BE6C526C4CF9100756266 /* Volte Bold.otf */ = {isa = PBXFileReference; lastKnownFileType = file; path = "Volte Bold.otf"; sourceTree = "<group>"; };
		126BE6D026C4D2C100756266 /* DeadLineDiaryCollectionViewCell.swift */ = {isa = PBXFileReference; lastKnownFileType = sourcecode.swift; path = DeadLineDiaryCollectionViewCell.swift; sourceTree = "<group>"; };
		126BE6D326C4D2DE00756266 /* JoinedDiaryCollectionViewCell.swift */ = {isa = PBXFileReference; lastKnownFileType = sourcecode.swift; path = JoinedDiaryCollectionViewCell.swift; sourceTree = "<group>"; };
		1279629326B93C9C0027EB8C /* Auth.storyboard */ = {isa = PBXFileReference; lastKnownFileType = file.storyboard; path = Auth.storyboard; sourceTree = "<group>"; };
		1279629626B93D080027EB8C /* SignInViewController.swift */ = {isa = PBXFileReference; lastKnownFileType = sourcecode.swift; path = SignInViewController.swift; sourceTree = "<group>"; };
		129FCE9F26BC222B000E20BE /* Base */ = {isa = PBXFileReference; lastKnownFileType = text.plist.xml; name = Base; path = Info.plist; sourceTree = "<group>"; };
		12BB18A926D5185600A9DF2A /* SelectBackgroundImageCollectionViewCell.swift */ = {isa = PBXFileReference; lastKnownFileType = sourcecode.swift; path = SelectBackgroundImageCollectionViewCell.swift; sourceTree = "<group>"; };
		12BB18AB26D5187E00A9DF2A /* InputJoinCodeCollectionViewCell.swift */ = {isa = PBXFileReference; lastKnownFileType = sourcecode.swift; path = InputJoinCodeCollectionViewCell.swift; sourceTree = "<group>"; };
		12BB18AD26D51CB100A9DF2A /* BackgroundImageCollectionViewCell.swift */ = {isa = PBXFileReference; lastKnownFileType = sourcecode.swift; path = BackgroundImageCollectionViewCell.swift; sourceTree = "<group>"; };
		12BFEBB326BC258500E70DD7 /* credentials.plist */ = {isa = PBXFileReference; fileEncoding = 4; lastKnownFileType = text.plist.xml; path = credentials.plist; sourceTree = "<group>"; };
		12C3938526D78D1C0056A616 /* NewDiaryPopUpViewController+CollectionViewExtension.swift */ = {isa = PBXFileReference; lastKnownFileType = sourcecode.swift; path = "NewDiaryPopUpViewController+CollectionViewExtension.swift"; sourceTree = "<group>"; };
		12DFB9E026BE7AA9009C23D1 /* SocialLoginType.swift */ = {isa = PBXFileReference; lastKnownFileType = sourcecode.swift; path = SocialLoginType.swift; sourceTree = "<group>"; };
		12DFB9E226BE85A7009C23D1 /* SocialLoginManager.swift */ = {isa = PBXFileReference; lastKnownFileType = sourcecode.swift; path = SocialLoginManager.swift; sourceTree = "<group>"; };
		4C09162026F9A17A0055CD18 /* AdminViewController.swift */ = {isa = PBXFileReference; lastKnownFileType = sourcecode.swift; path = AdminViewController.swift; sourceTree = "<group>"; };
		4C17688226D111D800F0D6B3 /* CreateDiaryCollectionViewCell.swift */ = {isa = PBXFileReference; lastKnownFileType = sourcecode.swift; path = CreateDiaryCollectionViewCell.swift; sourceTree = "<group>"; };
		4C1E9D5B26F9B56B003C2F63 /* WritingOrderModifyViewController.swift */ = {isa = PBXFileReference; lastKnownFileType = sourcecode.swift; path = WritingOrderModifyViewController.swift; sourceTree = "<group>"; };
		4C1FF1B227DF8C990096530F /* AuthorizationAPI.swift */ = {isa = PBXFileReference; lastKnownFileType = sourcecode.swift; path = AuthorizationAPI.swift; sourceTree = "<group>"; };
		4C3328D326F746DD004A5A92 /* StoryCollectionViewFlowLayout.swift */ = {isa = PBXFileReference; fileEncoding = 4; lastKnownFileType = sourcecode.swift; path = StoryCollectionViewFlowLayout.swift; sourceTree = "<group>"; };
		4C4978C526FA145000C0C627 /* WritingOrderModifyCell.swift */ = {isa = PBXFileReference; lastKnownFileType = sourcecode.swift; path = WritingOrderModifyCell.swift; sourceTree = "<group>"; };
		4C4978C726FA151A00C0C627 /* WritingOrderModifyViewController+CollectionViewExtension.swift */ = {isa = PBXFileReference; lastKnownFileType = sourcecode.swift; path = "WritingOrderModifyViewController+CollectionViewExtension.swift"; sourceTree = "<group>"; };
		4C4978C926FA3F7900C0C627 /* CALayer+Extension.swift */ = {isa = PBXFileReference; lastKnownFileType = sourcecode.swift; path = "CALayer+Extension.swift"; sourceTree = "<group>"; };
		4C4F589127E2105100A3E8BF /* HeaderInfomation.swift */ = {isa = PBXFileReference; lastKnownFileType = sourcecode.swift; path = HeaderInfomation.swift; sourceTree = "<group>"; };
		4C8FBA6227E759A700DF56BA /* TOSViewController.swift */ = {isa = PBXFileReference; lastKnownFileType = sourcecode.swift; path = TOSViewController.swift; sourceTree = "<group>"; };
		4C8FBA6427E766C000DF56BA /* KeyValue.swift */ = {isa = PBXFileReference; fileEncoding = 4; lastKnownFileType = sourcecode.swift; path = KeyValue.swift; sourceTree = "<group>"; };
		4C9B03F427EA0568005A43A1 /* TOSNavigationController.swift */ = {isa = PBXFileReference; lastKnownFileType = sourcecode.swift; path = TOSNavigationController.swift; sourceTree = "<group>"; };
		4C9B03F627EB41C7005A43A1 /* TOSUrl.swift */ = {isa = PBXFileReference; lastKnownFileType = sourcecode.swift; path = TOSUrl.swift; sourceTree = "<group>"; };
		4CA911FB27DA0B0000CD3FC3 /* TokenManager.swift */ = {isa = PBXFileReference; lastKnownFileType = sourcecode.swift; path = TokenManager.swift; sourceTree = "<group>"; };
		4CA911FD27DA239100CD3FC3 /* Token.swift */ = {isa = PBXFileReference; lastKnownFileType = sourcecode.swift; path = Token.swift; sourceTree = "<group>"; };
		4CA911FF27DA298100CD3FC3 /* KeyChainManager.swift */ = {isa = PBXFileReference; lastKnownFileType = sourcecode.swift; path = KeyChainManager.swift; sourceTree = "<group>"; };
		4CBFAC7F26A44D0600924F64 /* .swiftlint.yml */ = {isa = PBXFileReference; lastKnownFileType = text.yaml; path = .swiftlint.yml; sourceTree = "<group>"; };
		4CC73B4726F9F76F009359DC /* UpdateInvitationCodeViewController.swift */ = {isa = PBXFileReference; lastKnownFileType = sourcecode.swift; path = UpdateInvitationCodeViewController.swift; sourceTree = "<group>"; };
		4CE24ED126D0CFA100F1DB62 /* HomeViewController+CollectionViewExtension.swift */ = {isa = PBXFileReference; lastKnownFileType = sourcecode.swift; path = "HomeViewController+CollectionViewExtension.swift"; sourceTree = "<group>"; };
		4CE24ED326D0D31400F1DB62 /* DiaryViewController+CollectionViewExtnesion.swift */ = {isa = PBXFileReference; lastKnownFileType = sourcecode.swift; path = "DiaryViewController+CollectionViewExtnesion.swift"; sourceTree = "<group>"; };
		4CE24ED726D107C600F1DB62 /* NewDiaryPopUpViewController.swift */ = {isa = PBXFileReference; lastKnownFileType = sourcecode.swift; path = NewDiaryPopUpViewController.swift; sourceTree = "<group>"; };
		4CF687F927E7762D00728E77 /* TOSWebViewController.swift */ = {isa = PBXFileReference; lastKnownFileType = sourcecode.swift; path = TOSWebViewController.swift; sourceTree = "<group>"; };
		5B58DEEEACDAB1276572462C /* Pods-APIServiceTests.release.xcconfig */ = {isa = PBXFileReference; includeInIndex = 1; lastKnownFileType = text.xcconfig; name = "Pods-APIServiceTests.release.xcconfig"; path = "Target Support Files/Pods-APIServiceTests/Pods-APIServiceTests.release.xcconfig"; sourceTree = "<group>"; };
		835C0E5BB6D174B1D03C169F /* Pods-VODA_iOS.release.xcconfig */ = {isa = PBXFileReference; includeInIndex = 1; lastKnownFileType = text.xcconfig; name = "Pods-VODA_iOS.release.xcconfig"; path = "Target Support Files/Pods-VODA_iOS/Pods-VODA_iOS.release.xcconfig"; sourceTree = "<group>"; };
		9B03D57826E7309E005BE354 /* Loading.storyboard */ = {isa = PBXFileReference; lastKnownFileType = file.storyboard; path = Loading.storyboard; sourceTree = "<group>"; };
		9B03D57A26E730C0005BE354 /* LoadingViewController.swift */ = {isa = PBXFileReference; lastKnownFileType = sourcecode.swift; path = LoadingViewController.swift; sourceTree = "<group>"; };
		9B03D57D26E7B356005BE354 /* NoticeCollectionViewCell.swift */ = {isa = PBXFileReference; lastKnownFileType = sourcecode.swift; path = NoticeCollectionViewCell.swift; sourceTree = "<group>"; };
		9B03D58026E89BF2005BE354 /* PushCollectionViewCell.swift */ = {isa = PBXFileReference; lastKnownFileType = sourcecode.swift; path = PushCollectionViewCell.swift; sourceTree = "<group>"; };
		9B03D58226EF9883005BE354 /* NoticeDetailViewController.swift */ = {isa = PBXFileReference; lastKnownFileType = sourcecode.swift; path = NoticeDetailViewController.swift; sourceTree = "<group>"; };
		9B2601472769F64100BCE87B /* StoryDataResponse.swift */ = {isa = PBXFileReference; lastKnownFileType = sourcecode.swift; path = StoryDataResponse.swift; sourceTree = "<group>"; };
		9B26C1FF26D92BAA00ECECF8 /* AudioPitch.swift */ = {isa = PBXFileReference; fileEncoding = 4; lastKnownFileType = sourcecode.swift; path = AudioPitch.swift; sourceTree = "<group>"; };
		9B26C20126DE2C5200ECECF8 /* PushSettingViewController.swift */ = {isa = PBXFileReference; lastKnownFileType = sourcecode.swift; path = PushSettingViewController.swift; sourceTree = "<group>"; };
		9B26C20326DE707D00ECECF8 /* NoticeViewController.swift */ = {isa = PBXFileReference; lastKnownFileType = sourcecode.swift; path = NoticeViewController.swift; sourceTree = "<group>"; };
		9B26C20526DE7D0300ECECF8 /* QuestionViewController.swift */ = {isa = PBXFileReference; lastKnownFileType = sourcecode.swift; path = QuestionViewController.swift; sourceTree = "<group>"; };
		9B26C20726DE7D5400ECECF8 /* OpenSourceLicenseViewController.swift */ = {isa = PBXFileReference; lastKnownFileType = sourcecode.swift; path = OpenSourceLicenseViewController.swift; sourceTree = "<group>"; };
		9B26C20926DE98C600ECECF8 /* UserProfileViewController.swift */ = {isa = PBXFileReference; lastKnownFileType = sourcecode.swift; path = UserProfileViewController.swift; sourceTree = "<group>"; };
		9B26C20B26DF535A00ECECF8 /* UserProfileData.swift */ = {isa = PBXFileReference; lastKnownFileType = sourcecode.swift; path = UserProfileData.swift; sourceTree = "<group>"; };
		9B26C20D26E687EC00ECECF8 /* FileDownloader.swift */ = {isa = PBXFileReference; lastKnownFileType = sourcecode.swift; path = FileDownloader.swift; sourceTree = "<group>"; };
		9B2BF4652699E3CC00FA072C /* VODA_iOS.app */ = {isa = PBXFileReference; explicitFileType = wrapper.application; includeInIndex = 0; path = VODA_iOS.app; sourceTree = BUILT_PRODUCTS_DIR; };
		9B2BF4682699E3CC00FA072C /* AppDelegate.swift */ = {isa = PBXFileReference; lastKnownFileType = sourcecode.swift; name = AppDelegate.swift; path = ../AppDelegate.swift; sourceTree = "<group>"; };
		9B2BF46A2699E3CC00FA072C /* SceneDelegate.swift */ = {isa = PBXFileReference; lastKnownFileType = sourcecode.swift; name = SceneDelegate.swift; path = ../SceneDelegate.swift; sourceTree = "<group>"; };
		9B2BF46C2699E3CC00FA072C /* MainViewController.swift */ = {isa = PBXFileReference; lastKnownFileType = sourcecode.swift; path = MainViewController.swift; sourceTree = "<group>"; };
		9B2BF4712699E3CF00FA072C /* Assets.xcassets */ = {isa = PBXFileReference; lastKnownFileType = folder.assetcatalog; path = Assets.xcassets; sourceTree = "<group>"; };
		9B40EA0627611931000D5733 /* VodaAPI.swift */ = {isa = PBXFileReference; lastKnownFileType = sourcecode.swift; path = VodaAPI.swift; sourceTree = "<group>"; };
		9B40EA08276213CF000D5733 /* APIService.swift */ = {isa = PBXFileReference; lastKnownFileType = sourcecode.swift; path = APIService.swift; sourceTree = "<group>"; };
		9B40EA0E2767B02B000D5733 /* DefaultSession.swift */ = {isa = PBXFileReference; lastKnownFileType = sourcecode.swift; path = DefaultSession.swift; sourceTree = "<group>"; };
		9B40EA1627687102000D5733 /* APIServiceTests.xctest */ = {isa = PBXFileReference; explicitFileType = wrapper.cfbundle; includeInIndex = 0; path = APIServiceTests.xctest; sourceTree = BUILT_PRODUCTS_DIR; };
		9B40EA1827687103000D5733 /* APIServiceTests.swift */ = {isa = PBXFileReference; lastKnownFileType = sourcecode.swift; path = APIServiceTests.swift; sourceTree = "<group>"; };
		9B40EA2227687C1B000D5733 /* MockAPIService.swift */ = {isa = PBXFileReference; lastKnownFileType = sourcecode.swift; path = MockAPIService.swift; sourceTree = "<group>"; };
		9B44A97D26D166820078B561 /* AudioData.swift */ = {isa = PBXFileReference; lastKnownFileType = sourcecode.swift; path = AudioData.swift; sourceTree = "<group>"; };
		9B44A97F26D177DC0078B561 /* StoryDetailViewController.swift */ = {isa = PBXFileReference; lastKnownFileType = sourcecode.swift; path = StoryDetailViewController.swift; sourceTree = "<group>"; };
		9B4A627D27E0D75800BF8A55 /* loading.json */ = {isa = PBXFileReference; fileEncoding = 4; lastKnownFileType = text.json; path = loading.json; sourceTree = "<group>"; };
		9B4A628027E1A69D00BF8A55 /* Base */ = {isa = PBXFileReference; lastKnownFileType = text.plist.xml; name = Base; path = "GoogleService-Info.plist"; sourceTree = "<group>"; };
		9B4A628227E20D3500BF8A55 /* Storyboard.swift */ = {isa = PBXFileReference; lastKnownFileType = sourcecode.swift; path = Storyboard.swift; sourceTree = "<group>"; };
		9B60617226C184AF008C84DC /* Home.storyboard */ = {isa = PBXFileReference; fileEncoding = 4; lastKnownFileType = file.storyboard; path = Home.storyboard; sourceTree = "<group>"; };
		9B60617626C184C2008C84DC /* TimeInterval+Extension.swift */ = {isa = PBXFileReference; fileEncoding = 4; lastKnownFileType = sourcecode.swift; path = "TimeInterval+Extension.swift"; sourceTree = "<group>"; };
		9B60617826C184C2008C84DC /* SegueIdentifier.swift */ = {isa = PBXFileReference; fileEncoding = 4; lastKnownFileType = sourcecode.swift; path = SegueIdentifier.swift; sourceTree = "<group>"; };
		9B60617B26C1886D008C84DC /* UIImageView+Extension.swift */ = {isa = PBXFileReference; fileEncoding = 4; lastKnownFileType = sourcecode.swift; path = "UIImageView+Extension.swift"; sourceTree = "<group>"; };
		9B60617C26C1886D008C84DC /* UIColor+Extension.swift */ = {isa = PBXFileReference; fileEncoding = 4; lastKnownFileType = sourcecode.swift; path = "UIColor+Extension.swift"; sourceTree = "<group>"; };
		9B60617D26C1886D008C84DC /* UIView+Extension.swift */ = {isa = PBXFileReference; fileEncoding = 4; lastKnownFileType = sourcecode.swift; path = "UIView+Extension.swift"; sourceTree = "<group>"; };
		9B60617E26C1886D008C84DC /* UIViewController+Extension.swift */ = {isa = PBXFileReference; fileEncoding = 4; lastKnownFileType = sourcecode.swift; path = "UIViewController+Extension.swift"; sourceTree = "<group>"; };
		9B60617F26C1886D008C84DC /* UILabel+Extension.swift */ = {isa = PBXFileReference; fileEncoding = 4; lastKnownFileType = sourcecode.swift; path = "UILabel+Extension.swift"; sourceTree = "<group>"; };
		9B6061D426C394CD008C84DC /* AudioRecordStatus.swift */ = {isa = PBXFileReference; lastKnownFileType = sourcecode.swift; path = AudioRecordStatus.swift; sourceTree = "<group>"; };
		9B6061D626C39504008C84DC /* AudioPlayerStatus.swift */ = {isa = PBXFileReference; lastKnownFileType = sourcecode.swift; path = AudioPlayerStatus.swift; sourceTree = "<group>"; };
		9B6061D826C39523008C84DC /* AudioPlayerError.swift */ = {isa = PBXFileReference; lastKnownFileType = sourcecode.swift; path = AudioPlayerError.swift; sourceTree = "<group>"; };
		9B6BD2D526C57841007619BE /* ButtonPopUpViewController.swift */ = {isa = PBXFileReference; lastKnownFileType = sourcecode.swift; path = ButtonPopUpViewController.swift; sourceTree = "<group>"; };
		9B6BD2D726C57863007619BE /* PopUp.storyboard */ = {isa = PBXFileReference; lastKnownFileType = file.storyboard; path = PopUp.storyboard; sourceTree = "<group>"; };
		9B6BD2D926C64913007619BE /* ButtonPopUpType.swift */ = {isa = PBXFileReference; lastKnownFileType = sourcecode.swift; path = ButtonPopUpType.swift; sourceTree = "<group>"; };
		9B6BD2DE26C66420007619BE /* DeviceInfo.swift */ = {isa = PBXFileReference; lastKnownFileType = sourcecode.swift; path = DeviceInfo.swift; sourceTree = "<group>"; };
		9B6BD2E026C839ED007619BE /* PhotoPopUpViewController.swift */ = {isa = PBXFileReference; lastKnownFileType = sourcecode.swift; path = PhotoPopUpViewController.swift; sourceTree = "<group>"; };
		9B6BD2E226C83A3E007619BE /* WritePeriodPopUpViewController.swift */ = {isa = PBXFileReference; lastKnownFileType = sourcecode.swift; path = WritePeriodPopUpViewController.swift; sourceTree = "<group>"; };
		9B6BD2E726CD0353007619BE /* WriteStory.storyboard */ = {isa = PBXFileReference; lastKnownFileType = file.storyboard; path = WriteStory.storyboard; sourceTree = "<group>"; };
		9B6BD2E926CD0B52007619BE /* WriteStoryViewController.swift */ = {isa = PBXFileReference; lastKnownFileType = sourcecode.swift; path = WriteStoryViewController.swift; sourceTree = "<group>"; };
		9B6C8B3F26AA963200D089D3 /* VodaAudioRecorder.swift */ = {isa = PBXFileReference; lastKnownFileType = sourcecode.swift; path = VodaAudioRecorder.swift; sourceTree = "<group>"; };
		9B6C8B4626AC829800D089D3 /* VodaAudioPlayer.swift */ = {isa = PBXFileReference; lastKnownFileType = sourcecode.swift; path = VodaAudioPlayer.swift; sourceTree = "<group>"; };
		9B6C8B4B26B3EE9C00D089D3 /* MainTab.swift */ = {isa = PBXFileReference; lastKnownFileType = sourcecode.swift; path = MainTab.swift; sourceTree = "<group>"; };
		9B6C8B5826B3EFFF00D089D3 /* HomeViewController.swift */ = {isa = PBXFileReference; lastKnownFileType = sourcecode.swift; path = HomeViewController.swift; sourceTree = "<group>"; };
		9B6C8B5A26B3F01A00D089D3 /* Push.storyboard */ = {isa = PBXFileReference; lastKnownFileType = file.storyboard; path = Push.storyboard; sourceTree = "<group>"; };
		9B6C8B5C26B3F02600D089D3 /* PushViewController.swift */ = {isa = PBXFileReference; lastKnownFileType = sourcecode.swift; path = PushViewController.swift; sourceTree = "<group>"; };
		9B6C8B5E26B3F03700D089D3 /* MyPage.storyboard */ = {isa = PBXFileReference; lastKnownFileType = file.storyboard; path = MyPage.storyboard; sourceTree = "<group>"; };
		9B6C8B6026B3F04500D089D3 /* MyPageViewController.swift */ = {isa = PBXFileReference; lastKnownFileType = sourcecode.swift; path = MyPageViewController.swift; sourceTree = "<group>"; };
		9B7D411927DF87A2004D8964 /* NewDiary.storyboard */ = {isa = PBXFileReference; lastKnownFileType = file.storyboard; path = NewDiary.storyboard; sourceTree = "<group>"; };
		9B904DC526A95DF8004F5B99 /* RecordSoundViewController.swift */ = {isa = PBXFileReference; lastKnownFileType = sourcecode.swift; path = RecordSoundViewController.swift; sourceTree = "<group>"; };
		9B904DC726A95E14004F5B99 /* PlaySoundViewController.swift */ = {isa = PBXFileReference; lastKnownFileType = sourcecode.swift; path = PlaySoundViewController.swift; sourceTree = "<group>"; };
		9B904DC926A95E82004F5B99 /* AudioRecord.storyboard */ = {isa = PBXFileReference; lastKnownFileType = file.storyboard; path = AudioRecord.storyboard; sourceTree = "<group>"; };
		9BA6FC2856BF11552155DF80 /* Pods_APIServiceTests.framework */ = {isa = PBXFileReference; explicitFileType = wrapper.framework; includeInIndex = 0; path = Pods_APIServiceTests.framework; sourceTree = BUILT_PRODUCTS_DIR; };
		9BE0A874269A2080005314C0 /* LaunchScreen.storyboard */ = {isa = PBXFileReference; fileEncoding = 4; lastKnownFileType = file.storyboard; path = LaunchScreen.storyboard; sourceTree = "<group>"; };
		9BE0A885269A2A4E005314C0 /* Main.storyboard */ = {isa = PBXFileReference; fileEncoding = 4; lastKnownFileType = file.storyboard; path = Main.storyboard; sourceTree = "<group>"; };
		9BEB68C626D37CBE00A7F786 /* StoryData.swift */ = {isa = PBXFileReference; lastKnownFileType = sourcecode.swift; path = StoryData.swift; sourceTree = "<group>"; };
		C4ACB85E518139A990B1D58A /* Pods-VODA_iOS.debug.xcconfig */ = {isa = PBXFileReference; includeInIndex = 1; lastKnownFileType = text.xcconfig; name = "Pods-VODA_iOS.debug.xcconfig"; path = "Target Support Files/Pods-VODA_iOS/Pods-VODA_iOS.debug.xcconfig"; sourceTree = "<group>"; };
		E820942D861042DEF90AA841 /* Pods-APIServiceTests.debug.xcconfig */ = {isa = PBXFileReference; includeInIndex = 1; lastKnownFileType = text.xcconfig; name = "Pods-APIServiceTests.debug.xcconfig"; path = "Target Support Files/Pods-APIServiceTests/Pods-APIServiceTests.debug.xcconfig"; sourceTree = "<group>"; };
		EE202DC320DB2B380F3FF7CC /* Pods_VODA_iOS.framework */ = {isa = PBXFileReference; explicitFileType = wrapper.framework; includeInIndex = 0; path = Pods_VODA_iOS.framework; sourceTree = BUILT_PRODUCTS_DIR; };
/* End PBXFileReference section */

/* Begin PBXFrameworksBuildPhase section */
		9B2BF4622699E3CC00FA072C /* Frameworks */ = {
			isa = PBXFrameworksBuildPhase;
			buildActionMask = 2147483647;
			files = (
				D62B1705EB94FBB77F6FF5CF /* Pods_VODA_iOS.framework in Frameworks */,
			);
			runOnlyForDeploymentPostprocessing = 0;
		};
		9B40EA1327687102000D5733 /* Frameworks */ = {
			isa = PBXFrameworksBuildPhase;
			buildActionMask = 2147483647;
			files = (
				C4F0F161D308FCC79029F665 /* Pods_APIServiceTests.framework in Frameworks */,
			);
			runOnlyForDeploymentPostprocessing = 0;
		};
/* End PBXFrameworksBuildPhase section */

/* Begin PBXGroup section */
		12053F332709D564003C5E6F /* View */ = {
			isa = PBXGroup;
			children = (
				12053F342709D595003C5E6F /* OnBoardingCollectionViewCell1.swift */,
				12053F362709D5B9003C5E6F /* OnBoardingCollectionViewCell2.swift */,
				12053F382709D5CE003C5E6F /* OnBoardingCollectionViewCell3.swift */,
			);
			path = View;
			sourceTree = "<group>";
		};
		1235B40E2709AC7C00C750DF /* OnBoarding */ = {
			isa = PBXGroup;
			children = (
				12053F332709D564003C5E6F /* View */,
				1235B4122709ACA300C750DF /* ViewController */,
				1235B4112709AC9800C750DF /* Storyboard */,
			);
			path = OnBoarding;
			sourceTree = "<group>";
		};
		1235B4112709AC9800C750DF /* Storyboard */ = {
			isa = PBXGroup;
			children = (
				1235B40F2709AC8E00C750DF /* OnBoarding.storyboard */,
			);
			path = Storyboard;
			sourceTree = "<group>";
		};
		1235B4122709ACA300C750DF /* ViewController */ = {
			isa = PBXGroup;
			children = (
				1235B4132709ACC500C750DF /* OnBoardingViewController.swift */,
				12053F312709D204003C5E6F /* OnBoardingViewController+CollectionViewExtension.swift */,
			);
			path = ViewController;
			sourceTree = "<group>";
		};
		12603DCB26C935410077F859 /* Diary */ = {
			isa = PBXGroup;
			children = (
				12603DD226C9514C0077F859 /* View */,
				12603DCF26C935940077F859 /* ViewController */,
				12603DCC26C9355A0077F859 /* Storyboard */,
			);
			path = Diary;
			sourceTree = "<group>";
		};
		12603DCC26C9355A0077F859 /* Storyboard */ = {
			isa = PBXGroup;
			children = (
				12603DCD26C9356D0077F859 /* Diary.storyboard */,
			);
			path = Storyboard;
			sourceTree = "<group>";
		};
		12603DCF26C935940077F859 /* ViewController */ = {
			isa = PBXGroup;
			children = (
				4C09161F26F9A1520055CD18 /* Admin */,
				12603DD026C935B20077F859 /* DiaryViewController.swift */,
				4CE24ED326D0D31400F1DB62 /* DiaryViewController+CollectionViewExtnesion.swift */,
			);
			path = ViewController;
			sourceTree = "<group>";
		};
		12603DD226C9514C0077F859 /* View */ = {
			isa = PBXGroup;
			children = (
				12603DD326C952AF0077F859 /* StoryCollectionViewCell.swift */,
				4C3328D326F746DD004A5A92 /* StoryCollectionViewFlowLayout.swift */,
				12603DD726C9531B0077F859 /* StoryWritingTurnCollectionViewCell.swift */,
				12603DD926C9537A0077F859 /* StoryReadingTurnCollectionViewCell.swift */,
				12603DDB26C9552B0077F859 /* DiaryCollectionReusableView.swift */,
				12603DDD26C956440077F859 /* StoryParticipantsCollectionViewCell.swift */,
				4C4978C526FA145000C0C627 /* WritingOrderModifyCell.swift */,
			);
			path = View;
			sourceTree = "<group>";
		};
		126BE6D226C4D2C700756266 /* View */ = {
			isa = PBXGroup;
			children = (
				12603DC926C900DE0077F859 /* JoinedDiaryCollectionReusableView.swift */,
				126BE6D026C4D2C100756266 /* DeadLineDiaryCollectionViewCell.swift */,
				126BE6D326C4D2DE00756266 /* JoinedDiaryCollectionViewCell.swift */,
			);
			path = View;
			sourceTree = "<group>";
		};
		1279629126B93C730027EB8C /* Auth */ = {
			isa = PBXGroup;
			children = (
				4CA911F827D9F8E900CD3FC3 /* Util */,
				1279629526B93CCD0027EB8C /* ViewController */,
				1279629226B93C830027EB8C /* Storyboard */,
			);
			path = Auth;
			sourceTree = "<group>";
		};
		1279629226B93C830027EB8C /* Storyboard */ = {
			isa = PBXGroup;
			children = (
				1279629326B93C9C0027EB8C /* Auth.storyboard */,
			);
			path = Storyboard;
			sourceTree = "<group>";
		};
		1279629526B93CCD0027EB8C /* ViewController */ = {
			isa = PBXGroup;
			children = (
				1279629626B93D080027EB8C /* SignInViewController.swift */,
				9B26C20926DE98C600ECECF8 /* UserProfileViewController.swift */,
				4C8FBA6227E759A700DF56BA /* TOSViewController.swift */,
				4CF687F927E7762D00728E77 /* TOSWebViewController.swift */,
				4C9B03F427EA0568005A43A1 /* TOSNavigationController.swift */,
			);
			path = ViewController;
			sourceTree = "<group>";
		};
		12DFB9E426BE85C0009C23D1 /* Model */ = {
			isa = PBXGroup;
			children = (
				12DFB9E026BE7AA9009C23D1 /* SocialLoginType.swift */,
				12DFB9E226BE85A7009C23D1 /* SocialLoginManager.swift */,
				120B28B026BAD5550058A568 /* AppleLoginManager.swift */,
				9B26C20B26DF535A00ECECF8 /* UserProfileData.swift */,
				4C9B03F627EB41C7005A43A1 /* TOSUrl.swift */,
			);
			path = Model;
			sourceTree = "<group>";
		};
		4C09161F26F9A1520055CD18 /* Admin */ = {
			isa = PBXGroup;
			children = (
				4C09162026F9A17A0055CD18 /* AdminViewController.swift */,
				4C1E9D5B26F9B56B003C2F63 /* WritingOrderModifyViewController.swift */,
				4C4978C726FA151A00C0C627 /* WritingOrderModifyViewController+CollectionViewExtension.swift */,
				4CC73B4726F9F76F009359DC /* UpdateInvitationCodeViewController.swift */,
			);
			path = Admin;
			sourceTree = "<group>";
		};
		4C2AE84427D8BDB4008B32D3 /* Model */ = {
			isa = PBXGroup;
			children = (
			);
			path = Model;
			sourceTree = "<group>";
		};
		4C4F588F27E1FCC700A3E8BF /* API */ = {
			isa = PBXGroup;
			children = (
				4C1FF1B227DF8C990096530F /* AuthorizationAPI.swift */,
				9B40EA0627611931000D5733 /* VodaAPI.swift */,
			);
			path = API;
			sourceTree = "<group>";
		};
		4C4F589027E1FCE500A3E8BF /* Manager */ = {
			isa = PBXGroup;
			children = (
				4CA911FB27DA0B0000CD3FC3 /* TokenManager.swift */,
				4CA911FF27DA298100CD3FC3 /* KeyChainManager.swift */,
			);
			path = Manager;
			sourceTree = "<group>";
		};
		4CA911F527D9D84B00CD3FC3 /* Constants */ = {
			isa = PBXGroup;
			children = (
				4C8FBA6427E766C000DF56BA /* KeyValue.swift */,
				4CA911FD27DA239100CD3FC3 /* Token.swift */,
				4C4F589127E2105100A3E8BF /* HeaderInfomation.swift */,
			);
			path = Constants;
			sourceTree = "<group>";
		};
		4CA911F827D9F8E900CD3FC3 /* Util */ = {
			isa = PBXGroup;
			children = (
				4CA911F927D9F90200CD3FC3 /* Service */,
				12DFB9E426BE85C0009C23D1 /* Model */,
			);
			path = Util;
			sourceTree = "<group>";
		};
		4CA911F927D9F90200CD3FC3 /* Service */ = {
			isa = PBXGroup;
			children = (
			);
			path = Service;
			sourceTree = "<group>";
		};
		5A21726285A1D8F37056E326 /* Pods */ = {
			isa = PBXGroup;
			children = (
				C4ACB85E518139A990B1D58A /* Pods-VODA_iOS.debug.xcconfig */,
				835C0E5BB6D174B1D03C169F /* Pods-VODA_iOS.release.xcconfig */,
				E820942D861042DEF90AA841 /* Pods-APIServiceTests.debug.xcconfig */,
				5B58DEEEACDAB1276572462C /* Pods-APIServiceTests.release.xcconfig */,
			);
			path = Pods;
			sourceTree = "<group>";
		};
		9B03D57526E73055005BE354 /* Loading */ = {
			isa = PBXGroup;
			children = (
				9B03D57726E73085005BE354 /* Storyboard */,
				9B03D57626E7307A005BE354 /* ViewController */,
			);
			path = Loading;
			sourceTree = "<group>";
		};
		9B03D57626E7307A005BE354 /* ViewController */ = {
			isa = PBXGroup;
			children = (
				9B03D57A26E730C0005BE354 /* LoadingViewController.swift */,
			);
			path = ViewController;
			sourceTree = "<group>";
		};
		9B03D57726E73085005BE354 /* Storyboard */ = {
			isa = PBXGroup;
			children = (
				9B03D57826E7309E005BE354 /* Loading.storyboard */,
			);
			path = Storyboard;
			sourceTree = "<group>";
		};
		9B03D57C26E7B1D9005BE354 /* View */ = {
			isa = PBXGroup;
			children = (
				9B03D57D26E7B356005BE354 /* NoticeCollectionViewCell.swift */,
			);
			path = View;
			sourceTree = "<group>";
		};
		9B03D57F26E89BDD005BE354 /* View */ = {
			isa = PBXGroup;
			children = (
				9B03D58026E89BF2005BE354 /* PushCollectionViewCell.swift */,
			);
			path = View;
			sourceTree = "<group>";
		};
		9B2BF45C2699E3CC00FA072C = {
			isa = PBXGroup;
			children = (
				12BFEBB326BC258500E70DD7 /* credentials.plist */,
				4CBFAC7F26A44D0600924F64 /* .swiftlint.yml */,
				9B2BF4672699E3CC00FA072C /* VODA_iOS */,
				9B40EA1727687103000D5733 /* APIServiceTests */,
				9B2BF4662699E3CC00FA072C /* Products */,
				5A21726285A1D8F37056E326 /* Pods */,
				A9128262FA506F3E1424ABFB /* Frameworks */,
			);
			sourceTree = "<group>";
		};
		9B2BF4662699E3CC00FA072C /* Products */ = {
			isa = PBXGroup;
			children = (
				9B2BF4652699E3CC00FA072C /* VODA_iOS.app */,
				9B40EA1627687102000D5733 /* APIServiceTests.xctest */,
			);
			name = Products;
			sourceTree = "<group>";
		};
		9B2BF4672699E3CC00FA072C /* VODA_iOS */ = {
			isa = PBXGroup;
			children = (
				120B28AF26BA93250058A568 /* VODA_iOS.entitlements */,
				9B60617426C184C2008C84DC /* Utils */,
				9B2BF47D2699E4BA00FA072C /* Sources */,
				9B2BF47E2699E4D200FA072C /* Resources */,
				9B2BF47F2699E4F000FA072C /* SupportingFiles */,
			);
			path = VODA_iOS;
			sourceTree = "<group>";
		};
		9B2BF47D2699E4BA00FA072C /* Sources */ = {
			isa = PBXGroup;
			children = (
				1235B40E2709AC7C00C750DF /* OnBoarding */,
				1279629126B93C730027EB8C /* Auth */,
				9B2BF4852699E97200FA072C /* Main */,
				9B6C8B4E26B3EF7A00D089D3 /* Home */,
				9B7D411627DF86CB004D8964 /* NewDiary */,
				12603DCB26C935410077F859 /* Diary */,
				9B6BD2E426CD02AA007619BE /* WriteStory */,
				9B904DC026A95CDD004F5B99 /* AudioRecord */,
				9B6C8B4F26B3EF7F00D089D3 /* Push */,
				9B6C8B4D26B3EF6E00D089D3 /* MyPage */,
				9B6BD2D426C577AF007619BE /* PopUp */,
				9B03D57526E73055005BE354 /* Loading */,
			);
			path = Sources;
			sourceTree = "<group>";
		};
		9B2BF47E2699E4D200FA072C /* Resources */ = {
			isa = PBXGroup;
			children = (
				9B4A627D27E0D75800BF8A55 /* loading.json */,
				9BE0A865269A1B8C005314C0 /* Fonts */,
				9B2BF4712699E3CF00FA072C /* Assets.xcassets */,
			);
			path = Resources;
			sourceTree = "<group>";
		};
		9B2BF47F2699E4F000FA072C /* SupportingFiles */ = {
			isa = PBXGroup;
			children = (
				129FCE9E26BC222B000E20BE /* Info.plist */,
				9B4A627F27E1A69D00BF8A55 /* GoogleService-Info.plist */,
				9BE0A874269A2080005314C0 /* LaunchScreen.storyboard */,
				9B2BF4682699E3CC00FA072C /* AppDelegate.swift */,
				9B2BF46A2699E3CC00FA072C /* SceneDelegate.swift */,
			);
			name = SupportingFiles;
			path = SupportingFiles/Base.lproj;
			sourceTree = "<group>";
		};
		9B2BF4852699E97200FA072C /* Main */ = {
			isa = PBXGroup;
			children = (
				9B2BF4892699EB3500FA072C /* Storyboard */,
				9B2BF4862699EAEA00FA072C /* ViewController */,
				9B6C8B4B26B3EE9C00D089D3 /* MainTab.swift */,
			);
			path = Main;
			sourceTree = "<group>";
		};
		9B2BF4862699EAEA00FA072C /* ViewController */ = {
			isa = PBXGroup;
			children = (
				9B2BF46C2699E3CC00FA072C /* MainViewController.swift */,
			);
			path = ViewController;
			sourceTree = "<group>";
		};
		9B2BF4892699EB3500FA072C /* Storyboard */ = {
			isa = PBXGroup;
			children = (
				9BE0A885269A2A4E005314C0 /* Main.storyboard */,
			);
			path = Storyboard;
			sourceTree = "<group>";
		};
		9B40EA1727687103000D5733 /* APIServiceTests */ = {
			isa = PBXGroup;
			children = (
				9B40EA1F27687152000D5733 /* Mock */,
				9B40EA1827687103000D5733 /* APIServiceTests.swift */,
			);
			path = APIServiceTests;
			sourceTree = "<group>";
		};
		9B40EA1F27687152000D5733 /* Mock */ = {
			isa = PBXGroup;
			children = (
				9B40EA2227687C1B000D5733 /* MockAPIService.swift */,
			);
			path = Mock;
			sourceTree = "<group>";
		};
		9B60617126C184AF008C84DC /* Storyboard */ = {
			isa = PBXGroup;
			children = (
				9B60617226C184AF008C84DC /* Home.storyboard */,
			);
			path = Storyboard;
			sourceTree = "<group>";
		};
		9B60617426C184C2008C84DC /* Utils */ = {
			isa = PBXGroup;
			children = (
				9B60617526C184C2008C84DC /* Extension */,
				9B60617726C184C2008C84DC /* Network */,
				4C4F589027E1FCE500A3E8BF /* Manager */,
				9B60617826C184C2008C84DC /* SegueIdentifier.swift */,
				9B6BD2DE26C66420007619BE /* DeviceInfo.swift */,
				9B4A628227E20D3500BF8A55 /* Storyboard.swift */,
			);
			path = Utils;
			sourceTree = "<group>";
		};
		9B60617526C184C2008C84DC /* Extension */ = {
			isa = PBXGroup;
			children = (
				9B60617C26C1886D008C84DC /* UIColor+Extension.swift */,
				9B60617B26C1886D008C84DC /* UIImageView+Extension.swift */,
				9B60617F26C1886D008C84DC /* UILabel+Extension.swift */,
				9B60617D26C1886D008C84DC /* UIView+Extension.swift */,
				9B60617E26C1886D008C84DC /* UIViewController+Extension.swift */,
				9B60617626C184C2008C84DC /* TimeInterval+Extension.swift */,
				4C4978C926FA3F7900C0C627 /* CALayer+Extension.swift */,
			);
			path = Extension;
			sourceTree = "<group>";
		};
		9B60617726C184C2008C84DC /* Network */ = {
			isa = PBXGroup;
			children = (
				4CA911F527D9D84B00CD3FC3 /* Constants */,
				4C4F588F27E1FCC700A3E8BF /* API */,
				9B40EA08276213CF000D5733 /* APIService.swift */,
				9B40EA0E2767B02B000D5733 /* DefaultSession.swift */,
			);
			path = Network;
			sourceTree = "<group>";
		};
		9B6BD2D426C577AF007619BE /* PopUp */ = {
			isa = PBXGroup;
			children = (
				9B6BD2DB26C6491D007619BE /* Storyboard */,
				9B6BD2DD26C6493A007619BE /* Model */,
				9B6BD2DC26C6492D007619BE /* ViewController */,
			);
			path = PopUp;
			sourceTree = "<group>";
		};
		9B6BD2DB26C6491D007619BE /* Storyboard */ = {
			isa = PBXGroup;
			children = (
				9B6BD2D726C57863007619BE /* PopUp.storyboard */,
			);
			path = Storyboard;
			sourceTree = "<group>";
		};
		9B6BD2DC26C6492D007619BE /* ViewController */ = {
			isa = PBXGroup;
			children = (
				9B6BD2D526C57841007619BE /* ButtonPopUpViewController.swift */,
				9B6BD2E026C839ED007619BE /* PhotoPopUpViewController.swift */,
				9B6BD2E226C83A3E007619BE /* WritePeriodPopUpViewController.swift */,
			);
			path = ViewController;
			sourceTree = "<group>";
		};
		9B6BD2DD26C6493A007619BE /* Model */ = {
			isa = PBXGroup;
			children = (
				9B6BD2D926C64913007619BE /* ButtonPopUpType.swift */,
			);
			path = Model;
			sourceTree = "<group>";
		};
		9B6BD2E426CD02AA007619BE /* WriteStory */ = {
			isa = PBXGroup;
			children = (
				9B6BD2E526CD031A007619BE /* Storyboard */,
				9BEB68C526D37C9400A7F786 /* Model */,
				9B6BD2E626CD0325007619BE /* ViewController */,
			);
			path = WriteStory;
			sourceTree = "<group>";
		};
		9B6BD2E526CD031A007619BE /* Storyboard */ = {
			isa = PBXGroup;
			children = (
				9B6BD2E726CD0353007619BE /* WriteStory.storyboard */,
			);
			path = Storyboard;
			sourceTree = "<group>";
		};
		9B6BD2E626CD0325007619BE /* ViewController */ = {
			isa = PBXGroup;
			children = (
				9B6BD2E926CD0B52007619BE /* WriteStoryViewController.swift */,
				9B44A97F26D177DC0078B561 /* StoryDetailViewController.swift */,
			);
			path = ViewController;
			sourceTree = "<group>";
		};
		9B6C8B4D26B3EF6E00D089D3 /* MyPage */ = {
			isa = PBXGroup;
			children = (
				9B6C8B5226B3EFB600D089D3 /* Storyboard */,
				9B03D57C26E7B1D9005BE354 /* View */,
				9B6C8B5526B3EFCD00D089D3 /* ViewController */,
			);
			path = MyPage;
			sourceTree = "<group>";
		};
		9B6C8B4E26B3EF7A00D089D3 /* Home */ = {
			isa = PBXGroup;
			children = (
				4C2AE84427D8BDB4008B32D3 /* Model */,
				126BE6D226C4D2C700756266 /* View */,
				9B60617126C184AF008C84DC /* Storyboard */,
				9B6C8B5326B3EFBD00D089D3 /* ViewController */,
			);
			path = Home;
			sourceTree = "<group>";
		};
		9B6C8B4F26B3EF7F00D089D3 /* Push */ = {
			isa = PBXGroup;
			children = (
				9B6C8B5126B3EFAF00D089D3 /* Storyboard */,
				9B03D57F26E89BDD005BE354 /* View */,
				9B6C8B5426B3EFC500D089D3 /* ViewController */,
			);
			path = Push;
			sourceTree = "<group>";
		};
		9B6C8B5126B3EFAF00D089D3 /* Storyboard */ = {
			isa = PBXGroup;
			children = (
				9B6C8B5A26B3F01A00D089D3 /* Push.storyboard */,
			);
			path = Storyboard;
			sourceTree = "<group>";
		};
		9B6C8B5226B3EFB600D089D3 /* Storyboard */ = {
			isa = PBXGroup;
			children = (
				9B6C8B5E26B3F03700D089D3 /* MyPage.storyboard */,
			);
			path = Storyboard;
			sourceTree = "<group>";
		};
		9B6C8B5326B3EFBD00D089D3 /* ViewController */ = {
			isa = PBXGroup;
			children = (
				9B6C8B5826B3EFFF00D089D3 /* HomeViewController.swift */,
				4CE24ED126D0CFA100F1DB62 /* HomeViewController+CollectionViewExtension.swift */,
			);
			path = ViewController;
			sourceTree = "<group>";
		};
		9B6C8B5426B3EFC500D089D3 /* ViewController */ = {
			isa = PBXGroup;
			children = (
				9B6C8B5C26B3F02600D089D3 /* PushViewController.swift */,
			);
			path = ViewController;
			sourceTree = "<group>";
		};
		9B6C8B5526B3EFCD00D089D3 /* ViewController */ = {
			isa = PBXGroup;
			children = (
				9B6C8B6026B3F04500D089D3 /* MyPageViewController.swift */,
				9B26C20126DE2C5200ECECF8 /* PushSettingViewController.swift */,
				9B26C20326DE707D00ECECF8 /* NoticeViewController.swift */,
				9B26C20526DE7D0300ECECF8 /* QuestionViewController.swift */,
				9B26C20726DE7D5400ECECF8 /* OpenSourceLicenseViewController.swift */,
				9B03D58226EF9883005BE354 /* NoticeDetailViewController.swift */,
			);
			path = ViewController;
			sourceTree = "<group>";
		};
		9B7D411627DF86CB004D8964 /* NewDiary */ = {
			isa = PBXGroup;
			children = (
				9B7D411B27DF8A35004D8964 /* View */,
				9B7D411727DF86F7004D8964 /* Storyboard */,
				9B7D411827DF8701004D8964 /* ViewController */,
			);
			path = NewDiary;
			sourceTree = "<group>";
		};
		9B7D411727DF86F7004D8964 /* Storyboard */ = {
			isa = PBXGroup;
			children = (
				9B7D411927DF87A2004D8964 /* NewDiary.storyboard */,
			);
			path = Storyboard;
			sourceTree = "<group>";
		};
		9B7D411827DF8701004D8964 /* ViewController */ = {
			isa = PBXGroup;
			children = (
				4CE24ED726D107C600F1DB62 /* NewDiaryPopUpViewController.swift */,
				12C3938526D78D1C0056A616 /* NewDiaryPopUpViewController+CollectionViewExtension.swift */,
			);
			path = ViewController;
			sourceTree = "<group>";
		};
		9B7D411B27DF8A35004D8964 /* View */ = {
			isa = PBXGroup;
			children = (
				12BB18AB26D5187E00A9DF2A /* InputJoinCodeCollectionViewCell.swift */,
				4C17688226D111D800F0D6B3 /* CreateDiaryCollectionViewCell.swift */,
				12BB18A926D5185600A9DF2A /* SelectBackgroundImageCollectionViewCell.swift */,
				12BB18AD26D51CB100A9DF2A /* BackgroundImageCollectionViewCell.swift */,
			);
			path = View;
			sourceTree = "<group>";
		};
		9B904DC026A95CDD004F5B99 /* AudioRecord */ = {
			isa = PBXGroup;
			children = (
				9B904DC126A95CFE004F5B99 /* Storyboard */,
				9B904DC226A95D0B004F5B99 /* Model */,
				9B904DC426A95D14004F5B99 /* ViewController */,
			);
			path = AudioRecord;
			sourceTree = "<group>";
		};
		9B904DC126A95CFE004F5B99 /* Storyboard */ = {
			isa = PBXGroup;
			children = (
				9B904DC926A95E82004F5B99 /* AudioRecord.storyboard */,
			);
			path = Storyboard;
			sourceTree = "<group>";
		};
		9B904DC226A95D0B004F5B99 /* Model */ = {
			isa = PBXGroup;
			children = (
				9B26C1FF26D92BAA00ECECF8 /* AudioPitch.swift */,
				9B6061D426C394CD008C84DC /* AudioRecordStatus.swift */,
				9B6061D626C39504008C84DC /* AudioPlayerStatus.swift */,
				9B6061D826C39523008C84DC /* AudioPlayerError.swift */,
				9B6C8B3F26AA963200D089D3 /* VodaAudioRecorder.swift */,
				9B6C8B4626AC829800D089D3 /* VodaAudioPlayer.swift */,
				9B44A97D26D166820078B561 /* AudioData.swift */,
			);
			path = Model;
			sourceTree = "<group>";
		};
		9B904DC426A95D14004F5B99 /* ViewController */ = {
			isa = PBXGroup;
			children = (
				9B904DC526A95DF8004F5B99 /* RecordSoundViewController.swift */,
				9B904DC726A95E14004F5B99 /* PlaySoundViewController.swift */,
			);
			path = ViewController;
			sourceTree = "<group>";
		};
		9BE0A865269A1B8C005314C0 /* Fonts */ = {
			isa = PBXGroup;
			children = (
				126BE6BC26C4CF9000756266 /* Volte Bold Italic.otf */,
				126BE6C526C4CF9100756266 /* Volte Bold.otf */,
				126BE6BD26C4CF9000756266 /* Volte Light Italic.otf */,
				126BE6C426C4CF9100756266 /* Volte Light.otf */,
				126BE6BF26C4CF9000756266 /* Volte Medium Italic.otf */,
				126BE6C126C4CF9100756266 /* Volte Medium.otf */,
				126BE6C226C4CF9100756266 /* Volte Regular Italic.otf */,
				126BE6BE26C4CF9000756266 /* Volte Semibold Italic.otf */,
				126BE6C326C4CF9100756266 /* Volte Semibold.otf */,
				126BE6C026C4CF9000756266 /* Volte.otf */,
			);
			path = Fonts;
			sourceTree = "<group>";
		};
		9BEB68C526D37C9400A7F786 /* Model */ = {
			isa = PBXGroup;
			children = (
				9BEB68C626D37CBE00A7F786 /* StoryData.swift */,
				9B2601472769F64100BCE87B /* StoryDataResponse.swift */,
				9B26C20D26E687EC00ECECF8 /* FileDownloader.swift */,
			);
			path = Model;
			sourceTree = "<group>";
		};
		A9128262FA506F3E1424ABFB /* Frameworks */ = {
			isa = PBXGroup;
			children = (
				EE202DC320DB2B380F3FF7CC /* Pods_VODA_iOS.framework */,
				9BA6FC2856BF11552155DF80 /* Pods_APIServiceTests.framework */,
			);
			name = Frameworks;
			sourceTree = "<group>";
		};
/* End PBXGroup section */

/* Begin PBXNativeTarget section */
		9B2BF4642699E3CC00FA072C /* VODA_iOS */ = {
			isa = PBXNativeTarget;
			buildConfigurationList = 9B2BF4792699E3CF00FA072C /* Build configuration list for PBXNativeTarget "VODA_iOS" */;
			buildPhases = (
				0E01266D7C3617CA50DD498C /* [CP] Check Pods Manifest.lock */,
				4CBFAC7D26A44BB900924F64 /* SwiftLint Script */,
				9B2BF4612699E3CC00FA072C /* Sources */,
				9B2BF4622699E3CC00FA072C /* Frameworks */,
				9B2BF4632699E3CC00FA072C /* Resources */,
				C50DF89ADB9EF435CBF65D9E /* [CP] Embed Pods Frameworks */,
			);
			buildRules = (
			);
			dependencies = (
			);
			name = VODA_iOS;
			productName = VODA_iOS;
			productReference = 9B2BF4652699E3CC00FA072C /* VODA_iOS.app */;
			productType = "com.apple.product-type.application";
		};
		9B40EA1527687102000D5733 /* APIServiceTests */ = {
			isa = PBXNativeTarget;
			buildConfigurationList = 9B40EA1C27687103000D5733 /* Build configuration list for PBXNativeTarget "APIServiceTests" */;
			buildPhases = (
				0277EB23F5B1E132E20BFACE /* [CP] Check Pods Manifest.lock */,
				9B40EA1227687102000D5733 /* Sources */,
				9B40EA1327687102000D5733 /* Frameworks */,
				9B40EA1427687102000D5733 /* Resources */,
			);
			buildRules = (
			);
			dependencies = (
				9B40EA1B27687103000D5733 /* PBXTargetDependency */,
			);
			name = APIServiceTests;
			productName = APIServiceTests;
			productReference = 9B40EA1627687102000D5733 /* APIServiceTests.xctest */;
			productType = "com.apple.product-type.bundle.unit-test";
		};
/* End PBXNativeTarget section */

/* Begin PBXProject section */
		9B2BF45D2699E3CC00FA072C /* Project object */ = {
			isa = PBXProject;
			attributes = {
				LastSwiftUpdateCheck = 1300;
				LastUpgradeCheck = 1230;
				TargetAttributes = {
					9B2BF4642699E3CC00FA072C = {
						CreatedOnToolsVersion = 12.3;
					};
					9B40EA1527687102000D5733 = {
						CreatedOnToolsVersion = 13.0;
						TestTargetID = 9B2BF4642699E3CC00FA072C;
					};
				};
			};
			buildConfigurationList = 9B2BF4602699E3CC00FA072C /* Build configuration list for PBXProject "VODA_iOS" */;
			compatibilityVersion = "Xcode 9.3";
			developmentRegion = en;
			hasScannedForEncodings = 0;
			knownRegions = (
				en,
				Base,
			);
			mainGroup = 9B2BF45C2699E3CC00FA072C;
			productRefGroup = 9B2BF4662699E3CC00FA072C /* Products */;
			projectDirPath = "";
			projectRoot = "";
			targets = (
				9B2BF4642699E3CC00FA072C /* VODA_iOS */,
				9B40EA1527687102000D5733 /* APIServiceTests */,
			);
		};
/* End PBXProject section */

/* Begin PBXResourcesBuildPhase section */
		9B2BF4632699E3CC00FA072C /* Resources */ = {
			isa = PBXResourcesBuildPhase;
			buildActionMask = 2147483647;
			files = (
				9B7D411A27DF87A2004D8964 /* NewDiary.storyboard in Resources */,
				126BE6C926C4CFAB00756266 /* Volte Light.otf in Resources */,
				1279629426B93C9C0027EB8C /* Auth.storyboard in Resources */,
				126BE6C626C4CFA100756266 /* Volte Bold Italic.otf in Resources */,
				9B60617326C184AF008C84DC /* Home.storyboard in Resources */,
				9B4A628127E1A69D00BF8A55 /* GoogleService-Info.plist in Resources */,
				9B6C8B5B26B3F01A00D089D3 /* Push.storyboard in Resources */,
				126BE6CB26C4CFB300756266 /* Volte Medium.otf in Resources */,
				9B6C8B4A26B3E58B00D089D3 /* .swiftlint.yml in Resources */,
				9BE0A886269A2A4E005314C0 /* Main.storyboard in Resources */,
				9B6C8B5F26B3F03700D089D3 /* MyPage.storyboard in Resources */,
				126BE6C726C4CFA400756266 /* Volte Bold.otf in Resources */,
				9B6BD2D826C57863007619BE /* PopUp.storyboard in Resources */,
				9BE0A875269A2080005314C0 /* LaunchScreen.storyboard in Resources */,
				9B03D57926E7309E005BE354 /* Loading.storyboard in Resources */,
				126BE6CE26C4CFBC00756266 /* Volte Semibold Italic.otf in Resources */,
				12BFEBB426BC258500E70DD7 /* credentials.plist in Resources */,
				129FCEA026BC222B000E20BE /* Info.plist in Resources */,
				1235B4102709AC8E00C750DF /* OnBoarding.storyboard in Resources */,
				9B4A627E27E0D75800BF8A55 /* loading.json in Resources */,
				126BE6CD26C4CFB900756266 /* Volte Semibold.otf in Resources */,
				126BE6CC26C4CFB600756266 /* Volte Regular Italic.otf in Resources */,
				12603DCE26C9356D0077F859 /* Diary.storyboard in Resources */,
				9B2BF4722699E3CF00FA072C /* Assets.xcassets in Resources */,
				9B6BD2E826CD0353007619BE /* WriteStory.storyboard in Resources */,
				9B904DCA26A95E82004F5B99 /* AudioRecord.storyboard in Resources */,
				126BE6C826C4CFA700756266 /* Volte Light Italic.otf in Resources */,
				126BE6CA26C4CFAF00756266 /* Volte Medium Italic.otf in Resources */,
				126BE6CF26C4CFC000756266 /* Volte.otf in Resources */,
			);
			runOnlyForDeploymentPostprocessing = 0;
		};
		9B40EA1427687102000D5733 /* Resources */ = {
			isa = PBXResourcesBuildPhase;
			buildActionMask = 2147483647;
			files = (
			);
			runOnlyForDeploymentPostprocessing = 0;
		};
/* End PBXResourcesBuildPhase section */

/* Begin PBXShellScriptBuildPhase section */
		0277EB23F5B1E132E20BFACE /* [CP] Check Pods Manifest.lock */ = {
			isa = PBXShellScriptBuildPhase;
			buildActionMask = 2147483647;
			files = (
			);
			inputFileListPaths = (
			);
			inputPaths = (
				"${PODS_PODFILE_DIR_PATH}/Podfile.lock",
				"${PODS_ROOT}/Manifest.lock",
			);
			name = "[CP] Check Pods Manifest.lock";
			outputFileListPaths = (
			);
			outputPaths = (
				"$(DERIVED_FILE_DIR)/Pods-APIServiceTests-checkManifestLockResult.txt",
			);
			runOnlyForDeploymentPostprocessing = 0;
			shellPath = /bin/sh;
			shellScript = "diff \"${PODS_PODFILE_DIR_PATH}/Podfile.lock\" \"${PODS_ROOT}/Manifest.lock\" > /dev/null\nif [ $? != 0 ] ; then\n    # print error to STDERR\n    echo \"error: The sandbox is not in sync with the Podfile.lock. Run 'pod install' or update your CocoaPods installation.\" >&2\n    exit 1\nfi\n# This output is used by Xcode 'outputs' to avoid re-running this script phase.\necho \"SUCCESS\" > \"${SCRIPT_OUTPUT_FILE_0}\"\n";
			showEnvVarsInLog = 0;
		};
		0E01266D7C3617CA50DD498C /* [CP] Check Pods Manifest.lock */ = {
			isa = PBXShellScriptBuildPhase;
			buildActionMask = 2147483647;
			files = (
			);
			inputFileListPaths = (
			);
			inputPaths = (
				"${PODS_PODFILE_DIR_PATH}/Podfile.lock",
				"${PODS_ROOT}/Manifest.lock",
			);
			name = "[CP] Check Pods Manifest.lock";
			outputFileListPaths = (
			);
			outputPaths = (
				"$(DERIVED_FILE_DIR)/Pods-VODA_iOS-checkManifestLockResult.txt",
			);
			runOnlyForDeploymentPostprocessing = 0;
			shellPath = /bin/sh;
			shellScript = "diff \"${PODS_PODFILE_DIR_PATH}/Podfile.lock\" \"${PODS_ROOT}/Manifest.lock\" > /dev/null\nif [ $? != 0 ] ; then\n    # print error to STDERR\n    echo \"error: The sandbox is not in sync with the Podfile.lock. Run 'pod install' or update your CocoaPods installation.\" >&2\n    exit 1\nfi\n# This output is used by Xcode 'outputs' to avoid re-running this script phase.\necho \"SUCCESS\" > \"${SCRIPT_OUTPUT_FILE_0}\"\n";
			showEnvVarsInLog = 0;
		};
		4CBFAC7D26A44BB900924F64 /* SwiftLint Script */ = {
			isa = PBXShellScriptBuildPhase;
			buildActionMask = 2147483647;
			files = (
			);
			inputFileListPaths = (
			);
			inputPaths = (
			);
			name = "SwiftLint Script";
			outputFileListPaths = (
			);
			outputPaths = (
			);
			runOnlyForDeploymentPostprocessing = 0;
			shellPath = /bin/sh;
			shellScript = "${PODS_ROOT}/SwiftLint/swiftlint\n";
		};
		C50DF89ADB9EF435CBF65D9E /* [CP] Embed Pods Frameworks */ = {
			isa = PBXShellScriptBuildPhase;
			buildActionMask = 2147483647;
			files = (
			);
			inputFileListPaths = (
				"${PODS_ROOT}/Target Support Files/Pods-VODA_iOS/Pods-VODA_iOS-frameworks-${CONFIGURATION}-input-files.xcfilelist",
			);
			name = "[CP] Embed Pods Frameworks";
			outputFileListPaths = (
				"${PODS_ROOT}/Target Support Files/Pods-VODA_iOS/Pods-VODA_iOS-frameworks-${CONFIGURATION}-output-files.xcfilelist",
			);
			runOnlyForDeploymentPostprocessing = 0;
			shellPath = /bin/sh;
			shellScript = "\"${PODS_ROOT}/Target Support Files/Pods-VODA_iOS/Pods-VODA_iOS-frameworks.sh\"\n";
			showEnvVarsInLog = 0;
		};
/* End PBXShellScriptBuildPhase section */

/* Begin PBXSourcesBuildPhase section */
		9B2BF4612699E3CC00FA072C /* Sources */ = {
			isa = PBXSourcesBuildPhase;
			buildActionMask = 2147483647;
			files = (
				9B60618426C1886D008C84DC /* UILabel+Extension.swift in Sources */,
				4C9B03F527EA0568005A43A1 /* TOSNavigationController.swift in Sources */,
				4CE24ED826D107C600F1DB62 /* NewDiaryPopUpViewController.swift in Sources */,
				9B26C20C26DF535B00ECECF8 /* UserProfileData.swift in Sources */,
				9B6C8B5926B3EFFF00D089D3 /* HomeViewController.swift in Sources */,
				126BE6D126C4D2C100756266 /* DeadLineDiaryCollectionViewCell.swift in Sources */,
				9B6061D526C394CD008C84DC /* AudioRecordStatus.swift in Sources */,
				9B60618126C1886D008C84DC /* UIColor+Extension.swift in Sources */,
				12603DDE26C956440077F859 /* StoryParticipantsCollectionViewCell.swift in Sources */,
				4C09162126F9A17A0055CD18 /* AdminViewController.swift in Sources */,
				12DFB9E326BE85A7009C23D1 /* SocialLoginManager.swift in Sources */,
				9B6C8B4C26B3EE9C00D089D3 /* MainTab.swift in Sources */,
				12603DDA26C9537A0077F859 /* StoryReadingTurnCollectionViewCell.swift in Sources */,
				12BB18AC26D5187E00A9DF2A /* InputJoinCodeCollectionViewCell.swift in Sources */,
				4CA911FC27DA0B0000CD3FC3 /* TokenManager.swift in Sources */,
				9B26C20226DE2C5300ECECF8 /* PushSettingViewController.swift in Sources */,
				9B60617926C184C2008C84DC /* TimeInterval+Extension.swift in Sources */,
				9B40EA09276213CF000D5733 /* APIService.swift in Sources */,
				9B26C20E26E687EF00ECECF8 /* FileDownloader.swift in Sources */,
				9B03D58326EF9883005BE354 /* NoticeDetailViewController.swift in Sources */,
				1279629726B93D080027EB8C /* SignInViewController.swift in Sources */,
				4C1FF1B327DF8C990096530F /* AuthorizationAPI.swift in Sources */,
				120B28B126BAD5550058A568 /* AppleLoginManager.swift in Sources */,
				12603DD426C952AF0077F859 /* StoryCollectionViewCell.swift in Sources */,
				9B6C8B6126B3F04500D089D3 /* MyPageViewController.swift in Sources */,
				1235B4142709ACC500C750DF /* OnBoardingViewController.swift in Sources */,
				4CE24ED226D0CFA100F1DB62 /* HomeViewController+CollectionViewExtension.swift in Sources */,
				12DFB9E126BE7AA9009C23D1 /* SocialLoginType.swift in Sources */,
				4C4978CA26FA3F7900C0C627 /* CALayer+Extension.swift in Sources */,
				9B4A628327E20D3500BF8A55 /* Storyboard.swift in Sources */,
				9B6C8B5D26B3F02600D089D3 /* PushViewController.swift in Sources */,
				9B2BF46D2699E3CC00FA072C /* MainViewController.swift in Sources */,
				4CA9120027DA298100CD3FC3 /* KeyChainManager.swift in Sources */,
				4C8FBA6327E759A700DF56BA /* TOSViewController.swift in Sources */,
				9B26C20626DE7D0300ECECF8 /* QuestionViewController.swift in Sources */,
				4C1E9D5C26F9B56B003C2F63 /* WritingOrderModifyViewController.swift in Sources */,
				12BB18AE26D51CB100A9DF2A /* BackgroundImageCollectionViewCell.swift in Sources */,
				9B6BD2E326C83A3E007619BE /* WritePeriodPopUpViewController.swift in Sources */,
				9B2601482769F64100BCE87B /* StoryDataResponse.swift in Sources */,
				9B6C8B4726AC829800D089D3 /* VodaAudioPlayer.swift in Sources */,
				12C3938626D78D1C0056A616 /* NewDiaryPopUpViewController+CollectionViewExtension.swift in Sources */,
				9B904DC826A95E14004F5B99 /* PlaySoundViewController.swift in Sources */,
				12053F322709D204003C5E6F /* OnBoardingViewController+CollectionViewExtension.swift in Sources */,
				9B40EA2327687C1B000D5733 /* MockAPIService.swift in Sources */,
				4CC73B4826F9F76F009359DC /* UpdateInvitationCodeViewController.swift in Sources */,
				9B60618026C1886D008C84DC /* UIImageView+Extension.swift in Sources */,
				4C4978C626FA145000C0C627 /* WritingOrderModifyCell.swift in Sources */,
				4CA911FE27DA239100CD3FC3 /* Token.swift in Sources */,
				12603DDC26C9552B0077F859 /* DiaryCollectionReusableView.swift in Sources */,
				126BE6D426C4D2DE00756266 /* JoinedDiaryCollectionViewCell.swift in Sources */,
				9B40EA0727611931000D5733 /* VodaAPI.swift in Sources */,
				12603DD126C935B30077F859 /* DiaryViewController.swift in Sources */,
				12053F352709D595003C5E6F /* OnBoardingCollectionViewCell1.swift in Sources */,
				12053F392709D5CE003C5E6F /* OnBoardingCollectionViewCell3.swift in Sources */,
				9B6BD2D626C57842007619BE /* ButtonPopUpViewController.swift in Sources */,
				9B44A97E26D166830078B561 /* AudioData.swift in Sources */,
				9B904DC626A95DF8004F5B99 /* RecordSoundViewController.swift in Sources */,
				4CE24ED426D0D31400F1DB62 /* DiaryViewController+CollectionViewExtnesion.swift in Sources */,
				9B26C20426DE707E00ECECF8 /* NoticeViewController.swift in Sources */,
				9B6061D926C39523008C84DC /* AudioPlayerError.swift in Sources */,
				9B6C8B4026AA963200D089D3 /* VodaAudioRecorder.swift in Sources */,
				9B44A98026D177DD0078B561 /* StoryDetailViewController.swift in Sources */,
				9B6BD2DF26C66420007619BE /* DeviceInfo.swift in Sources */,
				9B26C20A26DE98C700ECECF8 /* UserProfileViewController.swift in Sources */,
				9B6BD2DA26C64914007619BE /* ButtonPopUpType.swift in Sources */,
				4C8FBA6527E766C000DF56BA /* KeyValue.swift in Sources */,
				9B2BF4692699E3CC00FA072C /* AppDelegate.swift in Sources */,
				12603DD826C9531B0077F859 /* StoryWritingTurnCollectionViewCell.swift in Sources */,
				9B2BF46B2699E3CC00FA072C /* SceneDelegate.swift in Sources */,
				9B26C20026D92BAA00ECECF8 /* AudioPitch.swift in Sources */,
				4C4F589227E2105100A3E8BF /* HeaderInfomation.swift in Sources */,
				9B26C20826DE7D5400ECECF8 /* OpenSourceLicenseViewController.swift in Sources */,
				9B60618326C1886D008C84DC /* UIViewController+Extension.swift in Sources */,
				9B03D57E26E7B356005BE354 /* NoticeCollectionViewCell.swift in Sources */,
				9B03D58126E89BF2005BE354 /* PushCollectionViewCell.swift in Sources */,
				12BB18AA26D5185600A9DF2A /* SelectBackgroundImageCollectionViewCell.swift in Sources */,
				9B6061D726C39504008C84DC /* AudioPlayerStatus.swift in Sources */,
				9BEB68C726D37CBE00A7F786 /* StoryData.swift in Sources */,
				9B03D57B26E730C0005BE354 /* LoadingViewController.swift in Sources */,
				4C9B03F727EB41C7005A43A1 /* TOSUrl.swift in Sources */,
				9B40EA0F2767B02B000D5733 /* DefaultSession.swift in Sources */,
				4C4978C826FA151A00C0C627 /* WritingOrderModifyViewController+CollectionViewExtension.swift in Sources */,
				9B60618226C1886D008C84DC /* UIView+Extension.swift in Sources */,
				12603DCA26C900DE0077F859 /* JoinedDiaryCollectionReusableView.swift in Sources */,
				4C17688326D111D800F0D6B3 /* CreateDiaryCollectionViewCell.swift in Sources */,
				4C3328D426F746DD004A5A92 /* StoryCollectionViewFlowLayout.swift in Sources */,
				12053F372709D5B9003C5E6F /* OnBoardingCollectionViewCell2.swift in Sources */,
				4CF687FA27E7762D00728E77 /* TOSWebViewController.swift in Sources */,
				9B6BD2E126C839ED007619BE /* PhotoPopUpViewController.swift in Sources */,
				9B6BD2EA26CD0B52007619BE /* WriteStoryViewController.swift in Sources */,
				9B60617A26C184C2008C84DC /* SegueIdentifier.swift in Sources */,
			);
			runOnlyForDeploymentPostprocessing = 0;
		};
		9B40EA1227687102000D5733 /* Sources */ = {
			isa = PBXSourcesBuildPhase;
			buildActionMask = 2147483647;
			files = (
				9B40EA1927687103000D5733 /* APIServiceTests.swift in Sources */,
			);
			runOnlyForDeploymentPostprocessing = 0;
		};
/* End PBXSourcesBuildPhase section */

/* Begin PBXTargetDependency section */
		9B40EA1B27687103000D5733 /* PBXTargetDependency */ = {
			isa = PBXTargetDependency;
			target = 9B2BF4642699E3CC00FA072C /* VODA_iOS */;
			targetProxy = 9B40EA1A27687103000D5733 /* PBXContainerItemProxy */;
		};
/* End PBXTargetDependency section */

/* Begin PBXVariantGroup section */
		129FCE9E26BC222B000E20BE /* Info.plist */ = {
			isa = PBXVariantGroup;
			children = (
				129FCE9F26BC222B000E20BE /* Base */,
			);
			name = Info.plist;
			path = VODA_iOS/SupportingFiles/Base.lproj;
			sourceTree = SOURCE_ROOT;
		};
		9B4A627F27E1A69D00BF8A55 /* GoogleService-Info.plist */ = {
			isa = PBXVariantGroup;
			children = (
				9B4A628027E1A69D00BF8A55 /* Base */,
			);
			name = "GoogleService-Info.plist";
			sourceTree = "<group>";
		};
/* End PBXVariantGroup section */

/* Begin XCBuildConfiguration section */
		9B2BF4772699E3CF00FA072C /* Debug */ = {
			isa = XCBuildConfiguration;
			buildSettings = {
				ALWAYS_SEARCH_USER_PATHS = NO;
				CLANG_ANALYZER_NONNULL = YES;
				CLANG_ANALYZER_NUMBER_OBJECT_CONVERSION = YES_AGGRESSIVE;
				CLANG_CXX_LANGUAGE_STANDARD = "gnu++14";
				CLANG_CXX_LIBRARY = "libc++";
				CLANG_ENABLE_MODULES = YES;
				CLANG_ENABLE_OBJC_ARC = YES;
				CLANG_ENABLE_OBJC_WEAK = YES;
				CLANG_WARN_BLOCK_CAPTURE_AUTORELEASING = YES;
				CLANG_WARN_BOOL_CONVERSION = YES;
				CLANG_WARN_COMMA = YES;
				CLANG_WARN_CONSTANT_CONVERSION = YES;
				CLANG_WARN_DEPRECATED_OBJC_IMPLEMENTATIONS = YES;
				CLANG_WARN_DIRECT_OBJC_ISA_USAGE = YES_ERROR;
				CLANG_WARN_DOCUMENTATION_COMMENTS = YES;
				CLANG_WARN_EMPTY_BODY = YES;
				CLANG_WARN_ENUM_CONVERSION = YES;
				CLANG_WARN_INFINITE_RECURSION = YES;
				CLANG_WARN_INT_CONVERSION = YES;
				CLANG_WARN_NON_LITERAL_NULL_CONVERSION = YES;
				CLANG_WARN_OBJC_IMPLICIT_RETAIN_SELF = YES;
				CLANG_WARN_OBJC_LITERAL_CONVERSION = YES;
				CLANG_WARN_OBJC_ROOT_CLASS = YES_ERROR;
				CLANG_WARN_QUOTED_INCLUDE_IN_FRAMEWORK_HEADER = YES;
				CLANG_WARN_RANGE_LOOP_ANALYSIS = YES;
				CLANG_WARN_STRICT_PROTOTYPES = YES;
				CLANG_WARN_SUSPICIOUS_MOVE = YES;
				CLANG_WARN_UNGUARDED_AVAILABILITY = YES_AGGRESSIVE;
				CLANG_WARN_UNREACHABLE_CODE = YES;
				CLANG_WARN__DUPLICATE_METHOD_MATCH = YES;
				COPY_PHASE_STRIP = NO;
				DEBUG_INFORMATION_FORMAT = dwarf;
				ENABLE_STRICT_OBJC_MSGSEND = YES;
				ENABLE_TESTABILITY = YES;
				GCC_C_LANGUAGE_STANDARD = gnu11;
				GCC_DYNAMIC_NO_PIC = NO;
				GCC_NO_COMMON_BLOCKS = YES;
				GCC_OPTIMIZATION_LEVEL = 0;
				GCC_PREPROCESSOR_DEFINITIONS = (
					"DEBUG=1",
					"$(inherited)",
				);
				GCC_WARN_64_TO_32_BIT_CONVERSION = YES;
				GCC_WARN_ABOUT_RETURN_TYPE = YES_ERROR;
				GCC_WARN_UNDECLARED_SELECTOR = YES;
				GCC_WARN_UNINITIALIZED_AUTOS = YES_AGGRESSIVE;
				GCC_WARN_UNUSED_FUNCTION = YES;
				GCC_WARN_UNUSED_VARIABLE = YES;
				IPHONEOS_DEPLOYMENT_TARGET = 14.3;
				MTL_ENABLE_DEBUG_INFO = INCLUDE_SOURCE;
				MTL_FAST_MATH = YES;
				ONLY_ACTIVE_ARCH = YES;
				SDKROOT = iphoneos;
				SWIFT_ACTIVE_COMPILATION_CONDITIONS = DEBUG;
				SWIFT_OPTIMIZATION_LEVEL = "-Onone";
			};
			name = Debug;
		};
		9B2BF4782699E3CF00FA072C /* Release */ = {
			isa = XCBuildConfiguration;
			buildSettings = {
				ALWAYS_SEARCH_USER_PATHS = NO;
				CLANG_ANALYZER_NONNULL = YES;
				CLANG_ANALYZER_NUMBER_OBJECT_CONVERSION = YES_AGGRESSIVE;
				CLANG_CXX_LANGUAGE_STANDARD = "gnu++14";
				CLANG_CXX_LIBRARY = "libc++";
				CLANG_ENABLE_MODULES = YES;
				CLANG_ENABLE_OBJC_ARC = YES;
				CLANG_ENABLE_OBJC_WEAK = YES;
				CLANG_WARN_BLOCK_CAPTURE_AUTORELEASING = YES;
				CLANG_WARN_BOOL_CONVERSION = YES;
				CLANG_WARN_COMMA = YES;
				CLANG_WARN_CONSTANT_CONVERSION = YES;
				CLANG_WARN_DEPRECATED_OBJC_IMPLEMENTATIONS = YES;
				CLANG_WARN_DIRECT_OBJC_ISA_USAGE = YES_ERROR;
				CLANG_WARN_DOCUMENTATION_COMMENTS = YES;
				CLANG_WARN_EMPTY_BODY = YES;
				CLANG_WARN_ENUM_CONVERSION = YES;
				CLANG_WARN_INFINITE_RECURSION = YES;
				CLANG_WARN_INT_CONVERSION = YES;
				CLANG_WARN_NON_LITERAL_NULL_CONVERSION = YES;
				CLANG_WARN_OBJC_IMPLICIT_RETAIN_SELF = YES;
				CLANG_WARN_OBJC_LITERAL_CONVERSION = YES;
				CLANG_WARN_OBJC_ROOT_CLASS = YES_ERROR;
				CLANG_WARN_QUOTED_INCLUDE_IN_FRAMEWORK_HEADER = YES;
				CLANG_WARN_RANGE_LOOP_ANALYSIS = YES;
				CLANG_WARN_STRICT_PROTOTYPES = YES;
				CLANG_WARN_SUSPICIOUS_MOVE = YES;
				CLANG_WARN_UNGUARDED_AVAILABILITY = YES_AGGRESSIVE;
				CLANG_WARN_UNREACHABLE_CODE = YES;
				CLANG_WARN__DUPLICATE_METHOD_MATCH = YES;
				COPY_PHASE_STRIP = NO;
				DEBUG_INFORMATION_FORMAT = "dwarf-with-dsym";
				ENABLE_NS_ASSERTIONS = NO;
				ENABLE_STRICT_OBJC_MSGSEND = YES;
				GCC_C_LANGUAGE_STANDARD = gnu11;
				GCC_NO_COMMON_BLOCKS = YES;
				GCC_WARN_64_TO_32_BIT_CONVERSION = YES;
				GCC_WARN_ABOUT_RETURN_TYPE = YES_ERROR;
				GCC_WARN_UNDECLARED_SELECTOR = YES;
				GCC_WARN_UNINITIALIZED_AUTOS = YES_AGGRESSIVE;
				GCC_WARN_UNUSED_FUNCTION = YES;
				GCC_WARN_UNUSED_VARIABLE = YES;
				IPHONEOS_DEPLOYMENT_TARGET = 14.3;
				MTL_ENABLE_DEBUG_INFO = NO;
				MTL_FAST_MATH = YES;
				SDKROOT = iphoneos;
				SWIFT_COMPILATION_MODE = wholemodule;
				SWIFT_OPTIMIZATION_LEVEL = "-O";
				VALIDATE_PRODUCT = YES;
			};
			name = Release;
		};
		9B2BF47A2699E3CF00FA072C /* Debug */ = {
			isa = XCBuildConfiguration;
			baseConfigurationReference = C4ACB85E518139A990B1D58A /* Pods-VODA_iOS.debug.xcconfig */;
			buildSettings = {
				ASSETCATALOG_COMPILER_APPICON_NAME = AppIcon;
				ASSETCATALOG_COMPILER_GLOBAL_ACCENT_COLOR_NAME = AccentColor;
				CODE_SIGN_ENTITLEMENTS = VODA_iOS/VODA_iOS.entitlements;
				CODE_SIGN_STYLE = Automatic;
				DEVELOPMENT_TEAM = KT2XM3Z9DZ;
				INFOPLIST_FILE = VODA_iOS/SupportingFiles/Base.lproj/info.plist;
				IPHONEOS_DEPLOYMENT_TARGET = 14.5;
				LD_RUNPATH_SEARCH_PATHS = (
					"$(inherited)",
					"@executable_path/Frameworks",
				);
				PRODUCT_BUNDLE_IDENTIFIER = com.catdiary.VODA;
				PRODUCT_NAME = "$(TARGET_NAME)";
				SWIFT_VERSION = 5.0;
				TARGETED_DEVICE_FAMILY = "1,2";
			};
			name = Debug;
		};
		9B2BF47B2699E3CF00FA072C /* Release */ = {
			isa = XCBuildConfiguration;
			baseConfigurationReference = 835C0E5BB6D174B1D03C169F /* Pods-VODA_iOS.release.xcconfig */;
			buildSettings = {
				ASSETCATALOG_COMPILER_APPICON_NAME = AppIcon;
				ASSETCATALOG_COMPILER_GLOBAL_ACCENT_COLOR_NAME = AccentColor;
				CODE_SIGN_ENTITLEMENTS = VODA_iOS/VODA_iOS.entitlements;
				CODE_SIGN_STYLE = Automatic;
				DEVELOPMENT_TEAM = KT2XM3Z9DZ;
				INFOPLIST_FILE = VODA_iOS/SupportingFiles/Base.lproj/info.plist;
				IPHONEOS_DEPLOYMENT_TARGET = 14.5;
				LD_RUNPATH_SEARCH_PATHS = (
					"$(inherited)",
					"@executable_path/Frameworks",
				);
				PRODUCT_BUNDLE_IDENTIFIER = com.catdiary.VODA;
				PRODUCT_NAME = "$(TARGET_NAME)";
				SWIFT_VERSION = 5.0;
				TARGETED_DEVICE_FAMILY = "1,2";
			};
			name = Release;
		};
		9B40EA1D27687103000D5733 /* Debug */ = {
			isa = XCBuildConfiguration;
			baseConfigurationReference = E820942D861042DEF90AA841 /* Pods-APIServiceTests.debug.xcconfig */;
			buildSettings = {
				BUNDLE_LOADER = "$(TEST_HOST)";
				CLANG_CXX_LANGUAGE_STANDARD = "gnu++17";
				CODE_SIGN_STYLE = Automatic;
				CURRENT_PROJECT_VERSION = 1;
				DEVELOPMENT_TEAM = 577SG3C42S;
				GENERATE_INFOPLIST_FILE = YES;
				IPHONEOS_DEPLOYMENT_TARGET = 15.0;
				LD_RUNPATH_SEARCH_PATHS = (
					"$(inherited)",
					"@executable_path/Frameworks",
					"@loader_path/Frameworks",
				);
				MARKETING_VERSION = 1.0;
				PRODUCT_BUNDLE_IDENTIFIER = soyeong.APIServiceTests;
				PRODUCT_NAME = "$(TARGET_NAME)";
				SWIFT_EMIT_LOC_STRINGS = NO;
				SWIFT_VERSION = 5.0;
				TARGETED_DEVICE_FAMILY = "1,2";
				TEST_HOST = "$(BUILT_PRODUCTS_DIR)/VODA_iOS.app/VODA_iOS";
			};
			name = Debug;
		};
		9B40EA1E27687103000D5733 /* Release */ = {
			isa = XCBuildConfiguration;
			baseConfigurationReference = 5B58DEEEACDAB1276572462C /* Pods-APIServiceTests.release.xcconfig */;
			buildSettings = {
				BUNDLE_LOADER = "$(TEST_HOST)";
				CLANG_CXX_LANGUAGE_STANDARD = "gnu++17";
				CODE_SIGN_STYLE = Automatic;
				CURRENT_PROJECT_VERSION = 1;
				DEVELOPMENT_TEAM = 577SG3C42S;
				GENERATE_INFOPLIST_FILE = YES;
				IPHONEOS_DEPLOYMENT_TARGET = 15.0;
				LD_RUNPATH_SEARCH_PATHS = (
					"$(inherited)",
					"@executable_path/Frameworks",
					"@loader_path/Frameworks",
				);
				MARKETING_VERSION = 1.0;
				PRODUCT_BUNDLE_IDENTIFIER = soyeong.APIServiceTests;
				PRODUCT_NAME = "$(TARGET_NAME)";
				SWIFT_EMIT_LOC_STRINGS = NO;
				SWIFT_VERSION = 5.0;
				TARGETED_DEVICE_FAMILY = "1,2";
				TEST_HOST = "$(BUILT_PRODUCTS_DIR)/VODA_iOS.app/VODA_iOS";
			};
			name = Release;
		};
/* End XCBuildConfiguration section */

/* Begin XCConfigurationList section */
		9B2BF4602699E3CC00FA072C /* Build configuration list for PBXProject "VODA_iOS" */ = {
			isa = XCConfigurationList;
			buildConfigurations = (
				9B2BF4772699E3CF00FA072C /* Debug */,
				9B2BF4782699E3CF00FA072C /* Release */,
			);
			defaultConfigurationIsVisible = 0;
			defaultConfigurationName = Release;
		};
		9B2BF4792699E3CF00FA072C /* Build configuration list for PBXNativeTarget "VODA_iOS" */ = {
			isa = XCConfigurationList;
			buildConfigurations = (
				9B2BF47A2699E3CF00FA072C /* Debug */,
				9B2BF47B2699E3CF00FA072C /* Release */,
			);
			defaultConfigurationIsVisible = 0;
			defaultConfigurationName = Release;
		};
		9B40EA1C27687103000D5733 /* Build configuration list for PBXNativeTarget "APIServiceTests" */ = {
			isa = XCConfigurationList;
			buildConfigurations = (
				9B40EA1D27687103000D5733 /* Debug */,
				9B40EA1E27687103000D5733 /* Release */,
			);
			defaultConfigurationIsVisible = 0;
			defaultConfigurationName = Release;
		};
/* End XCConfigurationList section */
	};
	rootObject = 9B2BF45D2699E3CC00FA072C /* Project object */;
}
